// !$*UTF8*$!
{
	archiveVersion = 1;
	classes = {
	};
	objectVersion = 56;
	objects = {

/* Begin PBXBuildFile section */
		39333CD02B864786005F295A /* AppDelegate.swift in Sources */ = {isa = PBXBuildFile; fileRef = 39333CCF2B864786005F295A /* AppDelegate.swift */; };
		39333CD22B864786005F295A /* SceneDelegate.swift in Sources */ = {isa = PBXBuildFile; fileRef = 39333CD12B864786005F295A /* SceneDelegate.swift */; };
		39333CD42B864786005F295A /* ViewController.swift in Sources */ = {isa = PBXBuildFile; fileRef = 39333CD32B864786005F295A /* ViewController.swift */; };
		39333CD92B864787005F295A /* Assets.xcassets in Resources */ = {isa = PBXBuildFile; fileRef = 39333CD82B864787005F295A /* Assets.xcassets */; };
		39333CDC2B864787005F295A /* LaunchScreen.storyboard in Resources */ = {isa = PBXBuildFile; fileRef = 39333CDA2B864787005F295A /* LaunchScreen.storyboard */; };
		39333CE52B86494C005F295A /* RxCocoa in Frameworks */ = {isa = PBXBuildFile; productRef = 39333CE42B86494C005F295A /* RxCocoa */; };
		39333CE82B86496C005F295A /* Moya in Frameworks */ = {isa = PBXBuildFile; productRef = 39333CE72B86496C005F295A /* Moya */; };
		39333CEB2B864979005F295A /* SnapKit in Frameworks */ = {isa = PBXBuildFile; productRef = 39333CEA2B864979005F295A /* SnapKit */; };
		39333CEE2B864998005F295A /* RIBs in Frameworks */ = {isa = PBXBuildFile; productRef = 39333CED2B864998005F295A /* RIBs */; };
		39333CFB2B864EF9005F295A /* SUIT-SemiBold.otf in Resources */ = {isa = PBXBuildFile; fileRef = 39333CF22B864EF9005F295A /* SUIT-SemiBold.otf */; };
		39333CFC2B864EF9005F295A /* SUIT-Medium.otf in Resources */ = {isa = PBXBuildFile; fileRef = 39333CF32B864EF9005F295A /* SUIT-Medium.otf */; };
		39333CFD2B864EF9005F295A /* SUIT-Bold.otf in Resources */ = {isa = PBXBuildFile; fileRef = 39333CF42B864EF9005F295A /* SUIT-Bold.otf */; };
		39333CFE2B864EF9005F295A /* SUIT-Thin.otf in Resources */ = {isa = PBXBuildFile; fileRef = 39333CF52B864EF9005F295A /* SUIT-Thin.otf */; };
		39333CFF2B864EF9005F295A /* SUIT-Light.otf in Resources */ = {isa = PBXBuildFile; fileRef = 39333CF62B864EF9005F295A /* SUIT-Light.otf */; };
		39333D002B864EF9005F295A /* SUIT-Heavy.otf in Resources */ = {isa = PBXBuildFile; fileRef = 39333CF72B864EF9005F295A /* SUIT-Heavy.otf */; };
		39333D012B864EF9005F295A /* SUIT-ExtraLight.otf in Resources */ = {isa = PBXBuildFile; fileRef = 39333CF82B864EF9005F295A /* SUIT-ExtraLight.otf */; };
		39333D022B864EF9005F295A /* SUIT-Regular.otf in Resources */ = {isa = PBXBuildFile; fileRef = 39333CF92B864EF9005F295A /* SUIT-Regular.otf */; };
		39333D032B864EF9005F295A /* SUIT-ExtraBold.otf in Resources */ = {isa = PBXBuildFile; fileRef = 39333CFA2B864EF9005F295A /* SUIT-ExtraBold.otf */; };
		39333D072B865132005F295A /* UIFont+Design.swift in Sources */ = {isa = PBXBuildFile; fileRef = 39333D062B865132005F295A /* UIFont+Design.swift */; };
		39333D0B2B8765A2005F295A /* UIColor+Design.swift in Sources */ = {isa = PBXBuildFile; fileRef = 39333D0A2B8765A2005F295A /* UIColor+Design.swift */; };
		39333D0D2B87663D005F295A /* UIColor+.swift in Sources */ = {isa = PBXBuildFile; fileRef = 39333D0C2B87663D005F295A /* UIColor+.swift */; };
/* End PBXBuildFile section */

/* Begin PBXFileReference section */
		39333CCC2B864786005F295A /* What?fle.app */ = {isa = PBXFileReference; explicitFileType = wrapper.application; includeInIndex = 0; path = "What?fle.app"; sourceTree = BUILT_PRODUCTS_DIR; };
		39333CCF2B864786005F295A /* AppDelegate.swift */ = {isa = PBXFileReference; lastKnownFileType = sourcecode.swift; path = AppDelegate.swift; sourceTree = "<group>"; };
		39333CD12B864786005F295A /* SceneDelegate.swift */ = {isa = PBXFileReference; lastKnownFileType = sourcecode.swift; path = SceneDelegate.swift; sourceTree = "<group>"; };
		39333CD32B864786005F295A /* ViewController.swift */ = {isa = PBXFileReference; lastKnownFileType = sourcecode.swift; path = ViewController.swift; sourceTree = "<group>"; };
		39333CD82B864787005F295A /* Assets.xcassets */ = {isa = PBXFileReference; lastKnownFileType = folder.assetcatalog; path = Assets.xcassets; sourceTree = "<group>"; };
		39333CDB2B864787005F295A /* Base */ = {isa = PBXFileReference; lastKnownFileType = file.storyboard; name = Base; path = Base.lproj/LaunchScreen.storyboard; sourceTree = "<group>"; };
		39333CDD2B864787005F295A /* Info.plist */ = {isa = PBXFileReference; lastKnownFileType = text.plist.xml; path = Info.plist; sourceTree = "<group>"; };
		39333CF22B864EF9005F295A /* SUIT-SemiBold.otf */ = {isa = PBXFileReference; lastKnownFileType = file; path = "SUIT-SemiBold.otf"; sourceTree = "<group>"; };
		39333CF32B864EF9005F295A /* SUIT-Medium.otf */ = {isa = PBXFileReference; lastKnownFileType = file; path = "SUIT-Medium.otf"; sourceTree = "<group>"; };
		39333CF42B864EF9005F295A /* SUIT-Bold.otf */ = {isa = PBXFileReference; lastKnownFileType = file; path = "SUIT-Bold.otf"; sourceTree = "<group>"; };
		39333CF52B864EF9005F295A /* SUIT-Thin.otf */ = {isa = PBXFileReference; lastKnownFileType = file; path = "SUIT-Thin.otf"; sourceTree = "<group>"; };
		39333CF62B864EF9005F295A /* SUIT-Light.otf */ = {isa = PBXFileReference; lastKnownFileType = file; path = "SUIT-Light.otf"; sourceTree = "<group>"; };
		39333CF72B864EF9005F295A /* SUIT-Heavy.otf */ = {isa = PBXFileReference; lastKnownFileType = file; path = "SUIT-Heavy.otf"; sourceTree = "<group>"; };
		39333CF82B864EF9005F295A /* SUIT-ExtraLight.otf */ = {isa = PBXFileReference; lastKnownFileType = file; path = "SUIT-ExtraLight.otf"; sourceTree = "<group>"; };
		39333CF92B864EF9005F295A /* SUIT-Regular.otf */ = {isa = PBXFileReference; lastKnownFileType = file; path = "SUIT-Regular.otf"; sourceTree = "<group>"; };
		39333CFA2B864EF9005F295A /* SUIT-ExtraBold.otf */ = {isa = PBXFileReference; lastKnownFileType = file; path = "SUIT-ExtraBold.otf"; sourceTree = "<group>"; };
		39333D062B865132005F295A /* UIFont+Design.swift */ = {isa = PBXFileReference; lastKnownFileType = sourcecode.swift; path = "UIFont+Design.swift"; sourceTree = "<group>"; };
		39333D0A2B8765A2005F295A /* UIColor+Design.swift */ = {isa = PBXFileReference; lastKnownFileType = sourcecode.swift; path = "UIColor+Design.swift"; sourceTree = "<group>"; };
		39333D0C2B87663D005F295A /* UIColor+.swift */ = {isa = PBXFileReference; lastKnownFileType = sourcecode.swift; path = "UIColor+.swift"; sourceTree = "<group>"; };
/* End PBXFileReference section */

/* Begin PBXFrameworksBuildPhase section */
		39333CC92B864786005F295A /* Frameworks */ = {
			isa = PBXFrameworksBuildPhase;
			buildActionMask = 2147483647;
			files = (
				39333CEE2B864998005F295A /* RIBs in Frameworks */,
				39333CEB2B864979005F295A /* SnapKit in Frameworks */,
				39333CE82B86496C005F295A /* Moya in Frameworks */,
				39333CE52B86494C005F295A /* RxCocoa in Frameworks */,
			);
			runOnlyForDeploymentPostprocessing = 0;
		};
/* End PBXFrameworksBuildPhase section */

/* Begin PBXGroup section */
		39333CC32B864786005F295A = {
			isa = PBXGroup;
			children = (
				39333CCE2B864786005F295A /* What?fle */,
				39333CCD2B864786005F295A /* Products */,
			);
			sourceTree = "<group>";
		};
		39333CCD2B864786005F295A /* Products */ = {
			isa = PBXGroup;
			children = (
				39333CCC2B864786005F295A /* What?fle.app */,
			);
			name = Products;
			sourceTree = "<group>";
		};
		39333CCE2B864786005F295A /* What?fle */ = {
			isa = PBXGroup;
			children = (
				39333CCF2B864786005F295A /* AppDelegate.swift */,
				39333CD12B864786005F295A /* SceneDelegate.swift */,
				39333CD32B864786005F295A /* ViewController.swift */,
				39333D042B865110005F295A /* Extension */,
				39333CF02B864EE1005F295A /* Resources */,
				39333CDA2B864787005F295A /* LaunchScreen.storyboard */,
				39333CDD2B864787005F295A /* Info.plist */,
			);
			path = "What?fle";
			sourceTree = "<group>";
		};
		39333CF02B864EE1005F295A /* Resources */ = {
			isa = PBXGroup;
			children = (
				39333CF12B864EEB005F295A /* Font */,
				39333CD82B864787005F295A /* Assets.xcassets */,
			);
			path = Resources;
			sourceTree = "<group>";
		};
		39333CF12B864EEB005F295A /* Font */ = {
			isa = PBXGroup;
			children = (
				39333D082B86516F005F295A /* SUIT */,
			);
			path = Font;
			sourceTree = "<group>";
		};
		39333D042B865110005F295A /* Extension */ = {
			isa = PBXGroup;
			children = (
				39333D052B865119005F295A /* DesignSystem */,
				39333D0C2B87663D005F295A /* UIColor+.swift */,
			);
			path = Extension;
			sourceTree = "<group>";
		};
		39333D052B865119005F295A /* DesignSystem */ = {
			isa = PBXGroup;
			children = (
				39333D062B865132005F295A /* UIFont+Design.swift */,
				39333D0A2B8765A2005F295A /* UIColor+Design.swift */,
			);
			path = DesignSystem;
			sourceTree = "<group>";
		};
		39333D082B86516F005F295A /* SUIT */ = {
			isa = PBXGroup;
			children = (
				39333CF52B864EF9005F295A /* SUIT-Thin.otf */,
				39333CF82B864EF9005F295A /* SUIT-ExtraLight.otf */,
				39333CF62B864EF9005F295A /* SUIT-Light.otf */,
				39333CF92B864EF9005F295A /* SUIT-Regular.otf */,
				39333CF32B864EF9005F295A /* SUIT-Medium.otf */,
				39333CF22B864EF9005F295A /* SUIT-SemiBold.otf */,
				39333CF42B864EF9005F295A /* SUIT-Bold.otf */,
				39333CFA2B864EF9005F295A /* SUIT-ExtraBold.otf */,
				39333CF72B864EF9005F295A /* SUIT-Heavy.otf */,
			);
			path = SUIT;
			sourceTree = "<group>";
		};
/* End PBXGroup section */

/* Begin PBXNativeTarget section */
		39333CCB2B864786005F295A /* What?fle */ = {
			isa = PBXNativeTarget;
			buildConfigurationList = 39333CE02B864787005F295A /* Build configuration list for PBXNativeTarget "What?fle" */;
			buildPhases = (
				39333CC82B864786005F295A /* Sources */,
				39333CC92B864786005F295A /* Frameworks */,
				39333CCA2B864786005F295A /* Resources */,
				39333CEF2B864AA5005F295A /* ShellScript */,
			);
			buildRules = (
			);
			dependencies = (
			);
			name = "What?fle";
			packageProductDependencies = (
				39333CE42B86494C005F295A /* RxCocoa */,
				39333CE72B86496C005F295A /* Moya */,
				39333CEA2B864979005F295A /* SnapKit */,
				39333CED2B864998005F295A /* RIBs */,
			);
			productName = "What?fle";
			productReference = 39333CCC2B864786005F295A /* What?fle.app */;
			productType = "com.apple.product-type.application";
		};
/* End PBXNativeTarget section */

/* Begin PBXProject section */
		39333CC42B864786005F295A /* Project object */ = {
			isa = PBXProject;
			attributes = {
				BuildIndependentTargetsInParallel = 1;
				LastSwiftUpdateCheck = 1510;
				LastUpgradeCheck = 1510;
				TargetAttributes = {
					39333CCB2B864786005F295A = {
						CreatedOnToolsVersion = 15.1;
					};
				};
			};
			buildConfigurationList = 39333CC72B864786005F295A /* Build configuration list for PBXProject "What?fle" */;
			compatibilityVersion = "Xcode 14.0";
			developmentRegion = en;
			hasScannedForEncodings = 0;
			knownRegions = (
				en,
				Base,
			);
			mainGroup = 39333CC32B864786005F295A;
			packageReferences = (
				39333CE32B86494C005F295A /* XCRemoteSwiftPackageReference "RxSwift" */,
				39333CE62B86496C005F295A /* XCRemoteSwiftPackageReference "Moya" */,
				39333CE92B864979005F295A /* XCRemoteSwiftPackageReference "SnapKit" */,
				39333CEC2B864998005F295A /* XCRemoteSwiftPackageReference "RIBs" */,
			);
			productRefGroup = 39333CCD2B864786005F295A /* Products */;
			projectDirPath = "";
			projectRoot = "";
			targets = (
				39333CCB2B864786005F295A /* What?fle */,
			);
		};
/* End PBXProject section */

/* Begin PBXResourcesBuildPhase section */
		39333CCA2B864786005F295A /* Resources */ = {
			isa = PBXResourcesBuildPhase;
			buildActionMask = 2147483647;
			files = (
				39333CFB2B864EF9005F295A /* SUIT-SemiBold.otf in Resources */,
				39333D032B864EF9005F295A /* SUIT-ExtraBold.otf in Resources */,
				39333D012B864EF9005F295A /* SUIT-ExtraLight.otf in Resources */,
				39333CFC2B864EF9005F295A /* SUIT-Medium.otf in Resources */,
				39333D022B864EF9005F295A /* SUIT-Regular.otf in Resources */,
				39333CFD2B864EF9005F295A /* SUIT-Bold.otf in Resources */,
				39333CDC2B864787005F295A /* LaunchScreen.storyboard in Resources */,
				39333D002B864EF9005F295A /* SUIT-Heavy.otf in Resources */,
				39333CD92B864787005F295A /* Assets.xcassets in Resources */,
				39333CFE2B864EF9005F295A /* SUIT-Thin.otf in Resources */,
				39333CFF2B864EF9005F295A /* SUIT-Light.otf in Resources */,
			);
			runOnlyForDeploymentPostprocessing = 0;
		};
/* End PBXResourcesBuildPhase section */

/* Begin PBXShellScriptBuildPhase section */
		39333CEF2B864AA5005F295A /* ShellScript */ = {
			isa = PBXShellScriptBuildPhase;
			alwaysOutOfDate = 1;
			buildActionMask = 2147483647;
			files = (
			);
			inputFileListPaths = (
			);
			inputPaths = (
			);
			outputFileListPaths = (
			);
			outputPaths = (
			);
			runOnlyForDeploymentPostprocessing = 0;
			shellPath = /bin/sh;
			shellScript = "if [[ \"$(uname -m)\" == arm64 ]]; then\n    export PATH=\"/opt/homebrew/bin:$PATH\"\nfi\n\nif which swiftlint > /dev/null; then\n  swiftlint\nelse\n  echo \"warning: SwiftLint not installed, download from https://github.com/realm/SwiftLint\"\nfi\n";
		};
/* End PBXShellScriptBuildPhase section */

/* Begin PBXSourcesBuildPhase section */
		39333CC82B864786005F295A /* Sources */ = {
			isa = PBXSourcesBuildPhase;
			buildActionMask = 2147483647;
			files = (
				39333D072B865132005F295A /* UIFont+Design.swift in Sources */,
				39333CD42B864786005F295A /* ViewController.swift in Sources */,
				39333CD02B864786005F295A /* AppDelegate.swift in Sources */,
				39333D0B2B8765A2005F295A /* UIColor+Design.swift in Sources */,
				39333CD22B864786005F295A /* SceneDelegate.swift in Sources */,
				39333D0D2B87663D005F295A /* UIColor+.swift in Sources */,
			);
			runOnlyForDeploymentPostprocessing = 0;
		};
/* End PBXSourcesBuildPhase section */

/* Begin PBXVariantGroup section */
		39333CDA2B864787005F295A /* LaunchScreen.storyboard */ = {
			isa = PBXVariantGroup;
			children = (
				39333CDB2B864787005F295A /* Base */,
			);
			name = LaunchScreen.storyboard;
			sourceTree = "<group>";
		};
/* End PBXVariantGroup section */

/* Begin XCBuildConfiguration section */
		39333CDE2B864787005F295A /* Debug */ = {
			isa = XCBuildConfiguration;
			buildSettings = {
				ALWAYS_SEARCH_USER_PATHS = NO;
				ASSETCATALOG_COMPILER_GENERATE_SWIFT_ASSET_SYMBOL_EXTENSIONS = YES;
				CLANG_ANALYZER_NONNULL = YES;
				CLANG_ANALYZER_NUMBER_OBJECT_CONVERSION = YES_AGGRESSIVE;
				CLANG_CXX_LANGUAGE_STANDARD = "gnu++20";
				CLANG_ENABLE_MODULES = YES;
				CLANG_ENABLE_OBJC_ARC = YES;
				CLANG_ENABLE_OBJC_WEAK = YES;
				CLANG_WARN_BLOCK_CAPTURE_AUTORELEASING = YES;
				CLANG_WARN_BOOL_CONVERSION = YES;
				CLANG_WARN_COMMA = YES;
				CLANG_WARN_CONSTANT_CONVERSION = YES;
				CLANG_WARN_DEPRECATED_OBJC_IMPLEMENTATIONS = YES;
				CLANG_WARN_DIRECT_OBJC_ISA_USAGE = YES_ERROR;
				CLANG_WARN_DOCUMENTATION_COMMENTS = YES;
				CLANG_WARN_EMPTY_BODY = YES;
				CLANG_WARN_ENUM_CONVERSION = YES;
				CLANG_WARN_INFINITE_RECURSION = YES;
				CLANG_WARN_INT_CONVERSION = YES;
				CLANG_WARN_NON_LITERAL_NULL_CONVERSION = YES;
				CLANG_WARN_OBJC_IMPLICIT_RETAIN_SELF = YES;
				CLANG_WARN_OBJC_LITERAL_CONVERSION = YES;
				CLANG_WARN_OBJC_ROOT_CLASS = YES_ERROR;
				CLANG_WARN_QUOTED_INCLUDE_IN_FRAMEWORK_HEADER = YES;
				CLANG_WARN_RANGE_LOOP_ANALYSIS = YES;
				CLANG_WARN_STRICT_PROTOTYPES = YES;
				CLANG_WARN_SUSPICIOUS_MOVE = YES;
				CLANG_WARN_UNGUARDED_AVAILABILITY = YES_AGGRESSIVE;
				CLANG_WARN_UNREACHABLE_CODE = YES;
				CLANG_WARN__DUPLICATE_METHOD_MATCH = YES;
				COPY_PHASE_STRIP = NO;
				DEBUG_INFORMATION_FORMAT = dwarf;
				ENABLE_STRICT_OBJC_MSGSEND = YES;
				ENABLE_TESTABILITY = YES;
				ENABLE_USER_SCRIPT_SANDBOXING = NO;
				GCC_C_LANGUAGE_STANDARD = gnu17;
				GCC_DYNAMIC_NO_PIC = NO;
				GCC_NO_COMMON_BLOCKS = YES;
				GCC_OPTIMIZATION_LEVEL = 0;
				GCC_PREPROCESSOR_DEFINITIONS = (
					"DEBUG=1",
					"$(inherited)",
				);
				GCC_WARN_64_TO_32_BIT_CONVERSION = YES;
				GCC_WARN_ABOUT_RETURN_TYPE = YES_ERROR;
				GCC_WARN_UNDECLARED_SELECTOR = YES;
				GCC_WARN_UNINITIALIZED_AUTOS = YES_AGGRESSIVE;
				GCC_WARN_UNUSED_FUNCTION = YES;
				GCC_WARN_UNUSED_VARIABLE = YES;
				IPHONEOS_DEPLOYMENT_TARGET = 17.2;
				LOCALIZATION_PREFERS_STRING_CATALOGS = YES;
				MTL_ENABLE_DEBUG_INFO = INCLUDE_SOURCE;
				MTL_FAST_MATH = YES;
				ONLY_ACTIVE_ARCH = YES;
				SDKROOT = iphoneos;
				SWIFT_ACTIVE_COMPILATION_CONDITIONS = "DEBUG $(inherited)";
				SWIFT_OPTIMIZATION_LEVEL = "-Onone";
			};
			name = Debug;
		};
		39333CDF2B864787005F295A /* Release */ = {
			isa = XCBuildConfiguration;
			buildSettings = {
				ALWAYS_SEARCH_USER_PATHS = NO;
				ASSETCATALOG_COMPILER_GENERATE_SWIFT_ASSET_SYMBOL_EXTENSIONS = YES;
				CLANG_ANALYZER_NONNULL = YES;
				CLANG_ANALYZER_NUMBER_OBJECT_CONVERSION = YES_AGGRESSIVE;
				CLANG_CXX_LANGUAGE_STANDARD = "gnu++20";
				CLANG_ENABLE_MODULES = YES;
				CLANG_ENABLE_OBJC_ARC = YES;
				CLANG_ENABLE_OBJC_WEAK = YES;
				CLANG_WARN_BLOCK_CAPTURE_AUTORELEASING = YES;
				CLANG_WARN_BOOL_CONVERSION = YES;
				CLANG_WARN_COMMA = YES;
				CLANG_WARN_CONSTANT_CONVERSION = YES;
				CLANG_WARN_DEPRECATED_OBJC_IMPLEMENTATIONS = YES;
				CLANG_WARN_DIRECT_OBJC_ISA_USAGE = YES_ERROR;
				CLANG_WARN_DOCUMENTATION_COMMENTS = YES;
				CLANG_WARN_EMPTY_BODY = YES;
				CLANG_WARN_ENUM_CONVERSION = YES;
				CLANG_WARN_INFINITE_RECURSION = YES;
				CLANG_WARN_INT_CONVERSION = YES;
				CLANG_WARN_NON_LITERAL_NULL_CONVERSION = YES;
				CLANG_WARN_OBJC_IMPLICIT_RETAIN_SELF = YES;
				CLANG_WARN_OBJC_LITERAL_CONVERSION = YES;
				CLANG_WARN_OBJC_ROOT_CLASS = YES_ERROR;
				CLANG_WARN_QUOTED_INCLUDE_IN_FRAMEWORK_HEADER = YES;
				CLANG_WARN_RANGE_LOOP_ANALYSIS = YES;
				CLANG_WARN_STRICT_PROTOTYPES = YES;
				CLANG_WARN_SUSPICIOUS_MOVE = YES;
				CLANG_WARN_UNGUARDED_AVAILABILITY = YES_AGGRESSIVE;
				CLANG_WARN_UNREACHABLE_CODE = YES;
				CLANG_WARN__DUPLICATE_METHOD_MATCH = YES;
				COPY_PHASE_STRIP = NO;
				DEBUG_INFORMATION_FORMAT = "dwarf-with-dsym";
				ENABLE_NS_ASSERTIONS = NO;
				ENABLE_STRICT_OBJC_MSGSEND = YES;
				ENABLE_USER_SCRIPT_SANDBOXING = NO;
				GCC_C_LANGUAGE_STANDARD = gnu17;
				GCC_NO_COMMON_BLOCKS = YES;
				GCC_WARN_64_TO_32_BIT_CONVERSION = YES;
				GCC_WARN_ABOUT_RETURN_TYPE = YES_ERROR;
				GCC_WARN_UNDECLARED_SELECTOR = YES;
				GCC_WARN_UNINITIALIZED_AUTOS = YES_AGGRESSIVE;
				GCC_WARN_UNUSED_FUNCTION = YES;
				GCC_WARN_UNUSED_VARIABLE = YES;
				IPHONEOS_DEPLOYMENT_TARGET = 17.2;
				LOCALIZATION_PREFERS_STRING_CATALOGS = YES;
				MTL_ENABLE_DEBUG_INFO = NO;
				MTL_FAST_MATH = YES;
				SDKROOT = iphoneos;
				SWIFT_COMPILATION_MODE = wholemodule;
				VALIDATE_PRODUCT = YES;
			};
			name = Release;
		};
		39333CE12B864787005F295A /* Debug */ = {
			isa = XCBuildConfiguration;
			buildSettings = {
				ASSETCATALOG_COMPILER_APPICON_NAME = AppIcon;
				ASSETCATALOG_COMPILER_GLOBAL_ACCENT_COLOR_NAME = AccentColor;
				CODE_SIGN_STYLE = Automatic;
				CURRENT_PROJECT_VERSION = 1;
				DEVELOPMENT_TEAM = CB95NTZJ5Z;
				GENERATE_INFOPLIST_FILE = YES;
				INFOPLIST_FILE = "What?fle/Info.plist";
				INFOPLIST_KEY_UIApplicationSupportsIndirectInputEvents = YES;
				INFOPLIST_KEY_UILaunchStoryboardName = LaunchScreen;
				INFOPLIST_KEY_UISupportedInterfaceOrientations_iPad = "UIInterfaceOrientationPortrait UIInterfaceOrientationPortraitUpsideDown UIInterfaceOrientationLandscapeLeft UIInterfaceOrientationLandscapeRight";
				INFOPLIST_KEY_UISupportedInterfaceOrientations_iPhone = "UIInterfaceOrientationPortrait UIInterfaceOrientationLandscapeLeft UIInterfaceOrientationLandscapeRight";
				LD_RUNPATH_SEARCH_PATHS = (
					"$(inherited)",
					"@executable_path/Frameworks",
				);
				MARKETING_VERSION = 1.0;
				PRODUCT_BUNDLE_IDENTIFIER = "com.Pane.What-fle";
				PRODUCT_NAME = "$(TARGET_NAME)";
				SWIFT_EMIT_LOC_STRINGS = YES;
				SWIFT_VERSION = 5.0;
				TARGETED_DEVICE_FAMILY = "1,2";
			};
			name = Debug;
		};
		39333CE22B864787005F295A /* Release */ = {
			isa = XCBuildConfiguration;
			buildSettings = {
				ASSETCATALOG_COMPILER_APPICON_NAME = AppIcon;
				ASSETCATALOG_COMPILER_GLOBAL_ACCENT_COLOR_NAME = AccentColor;
				CODE_SIGN_STYLE = Automatic;
				CURRENT_PROJECT_VERSION = 1;
				DEVELOPMENT_TEAM = CB95NTZJ5Z;
				GENERATE_INFOPLIST_FILE = YES;
				INFOPLIST_FILE = "What?fle/Info.plist";
				INFOPLIST_KEY_UIApplicationSupportsIndirectInputEvents = YES;
				INFOPLIST_KEY_UILaunchStoryboardName = LaunchScreen;
				INFOPLIST_KEY_UISupportedInterfaceOrientations_iPad = "UIInterfaceOrientationPortrait UIInterfaceOrientationPortraitUpsideDown UIInterfaceOrientationLandscapeLeft UIInterfaceOrientationLandscapeRight";
				INFOPLIST_KEY_UISupportedInterfaceOrientations_iPhone = "UIInterfaceOrientationPortrait UIInterfaceOrientationLandscapeLeft UIInterfaceOrientationLandscapeRight";
				LD_RUNPATH_SEARCH_PATHS = (
					"$(inherited)",
					"@executable_path/Frameworks",
				);
				MARKETING_VERSION = 1.0;
				PRODUCT_BUNDLE_IDENTIFIER = "com.Pane.What-fle";
				PRODUCT_NAME = "$(TARGET_NAME)";
				SWIFT_EMIT_LOC_STRINGS = YES;
				SWIFT_VERSION = 5.0;
				TARGETED_DEVICE_FAMILY = "1,2";
			};
			name = Release;
		};
/* End XCBuildConfiguration section */

/* Begin XCConfigurationList section */
		39333CC72B864786005F295A /* Build configuration list for PBXProject "What?fle" */ = {
			isa = XCConfigurationList;
			buildConfigurations = (
				39333CDE2B864787005F295A /* Debug */,
				39333CDF2B864787005F295A /* Release */,
			);
			defaultConfigurationIsVisible = 0;
			defaultConfigurationName = Release;
		};
		39333CE02B864787005F295A /* Build configuration list for PBXNativeTarget "What?fle" */ = {
			isa = XCConfigurationList;
			buildConfigurations = (
				39333CE12B864787005F295A /* Debug */,
				39333CE22B864787005F295A /* Release */,
			);
			defaultConfigurationIsVisible = 0;
			defaultConfigurationName = Release;
		};
/* End XCConfigurationList section */

/* Begin XCRemoteSwiftPackageReference section */
		39333CE32B86494C005F295A /* XCRemoteSwiftPackageReference "RxSwift" */ = {
			isa = XCRemoteSwiftPackageReference;
			repositoryURL = "https://github.com/ReactiveX/RxSwift.git";
			requirement = {
				kind = upToNextMajorVersion;
				minimumVersion = 6.6.0;
			};
		};
		39333CE62B86496C005F295A /* XCRemoteSwiftPackageReference "Moya" */ = {
			isa = XCRemoteSwiftPackageReference;
			repositoryURL = "https://github.com/Moya/Moya.git";
			requirement = {
				kind = upToNextMajorVersion;
				minimumVersion = 15.0.3;
			};
		};
		39333CE92B864979005F295A /* XCRemoteSwiftPackageReference "SnapKit" */ = {
			isa = XCRemoteSwiftPackageReference;
			repositoryURL = "https://github.com/SnapKit/SnapKit.git";
			requirement = {
				kind = upToNextMajorVersion;
				minimumVersion = 5.7.1;
			};
		};
		39333CEC2B864998005F295A /* XCRemoteSwiftPackageReference "RIBs" */ = {
			isa = XCRemoteSwiftPackageReference;
			repositoryURL = "https://github.com/uber/RIBs.git";
			requirement = {
				kind = upToNextMajorVersion;
				minimumVersion = 0.9.2;
			};
		};
/* End XCRemoteSwiftPackageReference section */

/* Begin XCSwiftPackageProductDependency section */
		39333CE42B86494C005F295A /* RxCocoa */ = {
			isa = XCSwiftPackageProductDependency;
			package = 39333CE32B86494C005F295A /* XCRemoteSwiftPackageReference "RxSwift" */;
			productName = RxCocoa;
		};
		39333CE72B86496C005F295A /* Moya */ = {
			isa = XCSwiftPackageProductDependency;
			package = 39333CE62B86496C005F295A /* XCRemoteSwiftPackageReference "Moya" */;
			productName = Moya;
		};
		39333CEA2B864979005F295A /* SnapKit */ = {
			isa = XCSwiftPackageProductDependency;
			package = 39333CE92B864979005F295A /* XCRemoteSwiftPackageReference "SnapKit" */;
			productName = SnapKit;
		};
		39333CED2B864998005F295A /* RIBs */ = {
			isa = XCSwiftPackageProductDependency;
			package = 39333CEC2B864998005F295A /* XCRemoteSwiftPackageReference "RIBs" */;
			productName = RIBs;
		};
/* End XCSwiftPackageProductDependency section */
	};
	rootObject = 39333CC42B864786005F295A /* Project object */;
}
