// !$*UTF8*$!
{
	archiveVersion = 1;
	classes = {
	};
	objectVersion = 56;
	objects = {

/* Begin PBXBuildFile section */
		390504782BE4296400575DF1 /* CustomPresentHeader.swift in Sources */ = {isa = PBXBuildFile; fileRef = 390504772BE4296400575DF1 /* CustomPresentHeader.swift */; };
		39195FFD2BAB40D900CC7A2E /* SelectLocationCell.swift in Sources */ = {isa = PBXBuildFile; fileRef = 39195FFC2BAB40D900CC7A2E /* SelectLocationCell.swift */; };
		39195FFF2BAC51EA00CC7A2E /* RecentSearchCell.swift in Sources */ = {isa = PBXBuildFile; fileRef = 39195FFE2BAC51EA00CC7A2E /* RecentSearchCell.swift */; };
		391960022BAC542B00CC7A2E /* UserDefaultsManager.swift in Sources */ = {isa = PBXBuildFile; fileRef = 391960012BAC542B00CC7A2E /* UserDefaultsManager.swift */; };
		3919BA652B988C0000E2A3CC /* UIView+.swift in Sources */ = {isa = PBXBuildFile; fileRef = 3919BA642B988C0000E2A3CC /* UIView+.swift */; };
		3919BA6C2B9A1D2800E2A3CC /* ViewControllable+.swift in Sources */ = {isa = PBXBuildFile; fileRef = 3919BA6B2B9A1D2800E2A3CC /* ViewControllable+.swift */; };
		39333CD02B864786005F295A /* AppDelegate.swift in Sources */ = {isa = PBXBuildFile; fileRef = 39333CCF2B864786005F295A /* AppDelegate.swift */; };
		39333CD22B864786005F295A /* SceneDelegate.swift in Sources */ = {isa = PBXBuildFile; fileRef = 39333CD12B864786005F295A /* SceneDelegate.swift */; };
		39333CD42B864786005F295A /* ViewController.swift in Sources */ = {isa = PBXBuildFile; fileRef = 39333CD32B864786005F295A /* ViewController.swift */; };
		39333CD92B864787005F295A /* Assets.xcassets in Resources */ = {isa = PBXBuildFile; fileRef = 39333CD82B864787005F295A /* Assets.xcassets */; };
		39333CDC2B864787005F295A /* LaunchScreen.storyboard in Resources */ = {isa = PBXBuildFile; fileRef = 39333CDA2B864787005F295A /* LaunchScreen.storyboard */; };
		39333CE52B86494C005F295A /* RxCocoa in Frameworks */ = {isa = PBXBuildFile; productRef = 39333CE42B86494C005F295A /* RxCocoa */; };
		39333CE82B86496C005F295A /* Moya in Frameworks */ = {isa = PBXBuildFile; productRef = 39333CE72B86496C005F295A /* Moya */; };
		39333CEB2B864979005F295A /* SnapKit in Frameworks */ = {isa = PBXBuildFile; productRef = 39333CEA2B864979005F295A /* SnapKit */; };
		39333CEE2B864998005F295A /* RIBs in Frameworks */ = {isa = PBXBuildFile; productRef = 39333CED2B864998005F295A /* RIBs */; };
		39333CFB2B864EF9005F295A /* SUIT-SemiBold.otf in Resources */ = {isa = PBXBuildFile; fileRef = 39333CF22B864EF9005F295A /* SUIT-SemiBold.otf */; };
		39333CFC2B864EF9005F295A /* SUIT-Medium.otf in Resources */ = {isa = PBXBuildFile; fileRef = 39333CF32B864EF9005F295A /* SUIT-Medium.otf */; };
		39333CFD2B864EF9005F295A /* SUIT-Bold.otf in Resources */ = {isa = PBXBuildFile; fileRef = 39333CF42B864EF9005F295A /* SUIT-Bold.otf */; };
		39333CFE2B864EF9005F295A /* SUIT-Thin.otf in Resources */ = {isa = PBXBuildFile; fileRef = 39333CF52B864EF9005F295A /* SUIT-Thin.otf */; };
		39333CFF2B864EF9005F295A /* SUIT-Light.otf in Resources */ = {isa = PBXBuildFile; fileRef = 39333CF62B864EF9005F295A /* SUIT-Light.otf */; };
		39333D002B864EF9005F295A /* SUIT-Heavy.otf in Resources */ = {isa = PBXBuildFile; fileRef = 39333CF72B864EF9005F295A /* SUIT-Heavy.otf */; };
		39333D012B864EF9005F295A /* SUIT-ExtraLight.otf in Resources */ = {isa = PBXBuildFile; fileRef = 39333CF82B864EF9005F295A /* SUIT-ExtraLight.otf */; };
		39333D022B864EF9005F295A /* SUIT-Regular.otf in Resources */ = {isa = PBXBuildFile; fileRef = 39333CF92B864EF9005F295A /* SUIT-Regular.otf */; };
		39333D032B864EF9005F295A /* SUIT-ExtraBold.otf in Resources */ = {isa = PBXBuildFile; fileRef = 39333CFA2B864EF9005F295A /* SUIT-ExtraBold.otf */; };
		39333D072B865132005F295A /* UIFont+Design.swift in Sources */ = {isa = PBXBuildFile; fileRef = 39333D062B865132005F295A /* UIFont+Design.swift */; };
		39333D0B2B8765A2005F295A /* UIColor+Design.swift in Sources */ = {isa = PBXBuildFile; fileRef = 39333D0A2B8765A2005F295A /* UIColor+Design.swift */; };
		39333D0D2B87663D005F295A /* UIColor+.swift in Sources */ = {isa = PBXBuildFile; fileRef = 39333D0C2B87663D005F295A /* UIColor+.swift */; };
		39333D132B88AE19005F295A /* RootRouter.swift in Sources */ = {isa = PBXBuildFile; fileRef = 39333D0F2B88AE19005F295A /* RootRouter.swift */; };
		39333D142B88AE19005F295A /* RootViewController.swift in Sources */ = {isa = PBXBuildFile; fileRef = 39333D102B88AE19005F295A /* RootViewController.swift */; };
		39333D152B88AE19005F295A /* RootBuilder.swift in Sources */ = {isa = PBXBuildFile; fileRef = 39333D112B88AE19005F295A /* RootBuilder.swift */; };
		39333D162B88AE19005F295A /* RootInteractor.swift in Sources */ = {isa = PBXBuildFile; fileRef = 39333D122B88AE19005F295A /* RootInteractor.swift */; };
		39333D6E2B8993B1005F295A /* HomeRouter.swift in Sources */ = {isa = PBXBuildFile; fileRef = 39333D6A2B8993B1005F295A /* HomeRouter.swift */; };
		39333D6F2B8993B1005F295A /* HomeViewController.swift in Sources */ = {isa = PBXBuildFile; fileRef = 39333D6B2B8993B1005F295A /* HomeViewController.swift */; };
		39333D702B8993B1005F295A /* HomeBuilder.swift in Sources */ = {isa = PBXBuildFile; fileRef = 39333D6C2B8993B1005F295A /* HomeBuilder.swift */; };
		39333D712B8993B1005F295A /* HomeInteractor.swift in Sources */ = {isa = PBXBuildFile; fileRef = 39333D6D2B8993B1005F295A /* HomeInteractor.swift */; };
		39333D732B89A3AA005F295A /* AppComponent.swift in Sources */ = {isa = PBXBuildFile; fileRef = 39333D722B89A3AA005F295A /* AppComponent.swift */; };
		393900002B961BBA007E58F6 /* RegistLocationBuilder.swift in Sources */ = {isa = PBXBuildFile; fileRef = 3939FFFC2B961BBA007E58F6 /* RegistLocationBuilder.swift */; };
		393900012B961BBA007E58F6 /* RegistLocationInteractor.swift in Sources */ = {isa = PBXBuildFile; fileRef = 3939FFFD2B961BBA007E58F6 /* RegistLocationInteractor.swift */; };
		3939FFCB2B8DFD01007E58F6 /* SearchBar.swift in Sources */ = {isa = PBXBuildFile; fileRef = 3939FFCA2B8DFD01007E58F6 /* SearchBar.swift */; };
		3939FFCE2B8E2788007E58F6 /* UINavigationController+.swift in Sources */ = {isa = PBXBuildFile; fileRef = 3939FFCD2B8E2788007E58F6 /* UINavigationController+.swift */; };
		3939FFD62B8F6EF3007E58F6 /* AppConfigs.swift in Sources */ = {isa = PBXBuildFile; fileRef = 3939FFD52B8F6EF3007E58F6 /* AppConfigs.swift */; };
		3939FFD82B8F750D007E58F6 /* NetworkService.swift in Sources */ = {isa = PBXBuildFile; fileRef = 3939FFD72B8F750D007E58F6 /* NetworkService.swift */; };
		3939FFDB2B90D063007E58F6 /* KakaoAPI.swift in Sources */ = {isa = PBXBuildFile; fileRef = 3939FFDA2B90D063007E58F6 /* KakaoAPI.swift */; };
		3939FFDE2B90D430007E58F6 /* SelectLocationModel.swift in Sources */ = {isa = PBXBuildFile; fileRef = 3939FFDD2B90D430007E58F6 /* SelectLocationModel.swift */; };
		3939FFF52B9451E3007E58F6 /* UIApplication+.swift in Sources */ = {isa = PBXBuildFile; fileRef = 3939FFF42B9451E3007E58F6 /* UIApplication+.swift */; };
		3939FFFE2B961BBA007E58F6 /* RegistLocationRouter.swift in Sources */ = {isa = PBXBuildFile; fileRef = 3939FFFA2B961BBA007E58F6 /* RegistLocationRouter.swift */; };
		3939FFFF2B961BBA007E58F6 /* RegistLocationViewController.swift in Sources */ = {isa = PBXBuildFile; fileRef = 3939FFFB2B961BBA007E58F6 /* RegistLocationViewController.swift */; };
		39411B352BBC3AC200A54EA7 /* LocationImageCell.swift in Sources */ = {isa = PBXBuildFile; fileRef = 39411B342BBC3AC200A54EA7 /* LocationImageCell.swift */; };
		3961ADDC2BB05CF900977C4B /* LoadingIndicator.swift in Sources */ = {isa = PBXBuildFile; fileRef = 3961ADDB2BB05CF900977C4B /* LoadingIndicator.swift */; };
		398347822BC17F2100C25F63 /* WhatfleAPI.swift in Sources */ = {isa = PBXBuildFile; fileRef = 398347812BC17F2100C25F63 /* WhatfleAPI.swift */; };
		398347842BC1819B00C25F63 /* SearchMock.json in Resources */ = {isa = PBXBuildFile; fileRef = 398347832BC1819B00C25F63 /* SearchMock.json */; };
		398347862BC1862400C25F63 /* RetriveRegistLocationMock.json in Resources */ = {isa = PBXBuildFile; fileRef = 398347852BC1862400C25F63 /* RetriveRegistLocationMock.json */; };
		398347892BC1885400C25F63 /* RegisteredLocationModel.swift in Sources */ = {isa = PBXBuildFile; fileRef = 398347882BC1885400C25F63 /* RegisteredLocationModel.swift */; };
		3983478B2BC1B56100C25F63 /* UIViewController+.swift in Sources */ = {isa = PBXBuildFile; fileRef = 3983478A2BC1B56100C25F63 /* UIViewController+.swift */; };
		399974152BCFFEDE009AF937 /* RegistCollectionRouter.swift in Sources */ = {isa = PBXBuildFile; fileRef = 399974112BCFFEDE009AF937 /* RegistCollectionRouter.swift */; };
		399974162BCFFEDE009AF937 /* RegistCollectionViewController.swift in Sources */ = {isa = PBXBuildFile; fileRef = 399974122BCFFEDE009AF937 /* RegistCollectionViewController.swift */; };
		399974172BCFFEDE009AF937 /* RegistCollectionBuilder.swift in Sources */ = {isa = PBXBuildFile; fileRef = 399974132BCFFEDE009AF937 /* RegistCollectionBuilder.swift */; };
		399974182BCFFEDE009AF937 /* RegistCollectionInteractor.swift in Sources */ = {isa = PBXBuildFile; fileRef = 399974142BCFFEDE009AF937 /* RegistCollectionInteractor.swift */; };
		3999741A2BD00CDE009AF937 /* AddPhotoControl.swift in Sources */ = {isa = PBXBuildFile; fileRef = 399974192BD00CDE009AF937 /* AddPhotoControl.swift */; };
		39A81E6E2BEE53870009C43F /* PlaceRegistration.swift in Sources */ = {isa = PBXBuildFile; fileRef = 39A81E6D2BEE53870009C43F /* PlaceRegistration.swift */; };
		39A81E702BF3A7550009C43F /* UIImage+.swift in Sources */ = {isa = PBXBuildFile; fileRef = 39A81E6F2BF3A7550009C43F /* UIImage+.swift */; };
		39A81E732BF3BC460009C43F /* CustomError.swift in Sources */ = {isa = PBXBuildFile; fileRef = 39A81E722BF3BC460009C43F /* CustomError.swift */; };
		39CBE1162BC6289D003CB3F0 /* SplashRouter.swift in Sources */ = {isa = PBXBuildFile; fileRef = 39CBE1122BC6289D003CB3F0 /* SplashRouter.swift */; };
		39CBE1172BC6289D003CB3F0 /* SplashViewController.swift in Sources */ = {isa = PBXBuildFile; fileRef = 39CBE1132BC6289D003CB3F0 /* SplashViewController.swift */; };
		39CBE1182BC6289D003CB3F0 /* SplashBuilder.swift in Sources */ = {isa = PBXBuildFile; fileRef = 39CBE1142BC6289D003CB3F0 /* SplashBuilder.swift */; };
		39CBE1192BC6289D003CB3F0 /* SplashInteractor.swift in Sources */ = {isa = PBXBuildFile; fileRef = 39CBE1152BC6289D003CB3F0 /* SplashInteractor.swift */; };
		39CF56A82BC0F0A300E718C8 /* AddCollectionRouter.swift in Sources */ = {isa = PBXBuildFile; fileRef = 39CF56A42BC0F0A300E718C8 /* AddCollectionRouter.swift */; };
		39CF56A92BC0F0A300E718C8 /* AddCollectionViewController.swift in Sources */ = {isa = PBXBuildFile; fileRef = 39CF56A52BC0F0A300E718C8 /* AddCollectionViewController.swift */; };
		39CF56AA2BC0F0A300E718C8 /* AddCollectionBuilder.swift in Sources */ = {isa = PBXBuildFile; fileRef = 39CF56A62BC0F0A300E718C8 /* AddCollectionBuilder.swift */; };
		39CF56AB2BC0F0A300E718C8 /* AddCollectionInteractor.swift in Sources */ = {isa = PBXBuildFile; fileRef = 39CF56A72BC0F0A300E718C8 /* AddCollectionInteractor.swift */; };
		39CF56AF2BC0FD8D00E718C8 /* CustomNavigationBar.swift in Sources */ = {isa = PBXBuildFile; fileRef = 39CF56AE2BC0FD8D00E718C8 /* CustomNavigationBar.swift */; };
		39D562B72BD69A9C00111E9C /* .swiftlint.yml in Resources */ = {isa = PBXBuildFile; fileRef = 39D562B62BD69A9C00111E9C /* .swiftlint.yml */; };
		39D562BA2BD69ED900111E9C /* UIVCWithKeyboard.swift in Sources */ = {isa = PBXBuildFile; fileRef = 39D562B92BD69ED900111E9C /* UIVCWithKeyboard.swift */; };
		39EBCDF62B8A26B200599D58 /* AddRouter.swift in Sources */ = {isa = PBXBuildFile; fileRef = 39EBCDF22B8A26B200599D58 /* AddRouter.swift */; };
		39EBCDF72B8A26B200599D58 /* AddViewController.swift in Sources */ = {isa = PBXBuildFile; fileRef = 39EBCDF32B8A26B200599D58 /* AddViewController.swift */; };
		39EBCDF82B8A26B200599D58 /* AddBuilder.swift in Sources */ = {isa = PBXBuildFile; fileRef = 39EBCDF42B8A26B200599D58 /* AddBuilder.swift */; };
		39EBCDF92B8A26B200599D58 /* AddInteractor.swift in Sources */ = {isa = PBXBuildFile; fileRef = 39EBCDF52B8A26B200599D58 /* AddInteractor.swift */; };
		39EBCDFE2B8A26BF00599D58 /* MapRouter.swift in Sources */ = {isa = PBXBuildFile; fileRef = 39EBCDFA2B8A26BF00599D58 /* MapRouter.swift */; };
		39EBCDFF2B8A26BF00599D58 /* MapViewController.swift in Sources */ = {isa = PBXBuildFile; fileRef = 39EBCDFB2B8A26BF00599D58 /* MapViewController.swift */; };
		39EBCE002B8A26BF00599D58 /* MapBuilder.swift in Sources */ = {isa = PBXBuildFile; fileRef = 39EBCDFC2B8A26BF00599D58 /* MapBuilder.swift */; };
		39EBCE012B8A26BF00599D58 /* MapInteractor.swift in Sources */ = {isa = PBXBuildFile; fileRef = 39EBCDFD2B8A26BF00599D58 /* MapInteractor.swift */; };
		39EBCE0C2B8A484000599D58 /* SelecteLocationRouter.swift in Sources */ = {isa = PBXBuildFile; fileRef = 39EBCE082B8A484000599D58 /* SelecteLocationRouter.swift */; };
		39EBCE0D2B8A484000599D58 /* SelecteLocationViewController.swift in Sources */ = {isa = PBXBuildFile; fileRef = 39EBCE092B8A484000599D58 /* SelecteLocationViewController.swift */; };
		39EBCE0E2B8A484000599D58 /* SelecteLocationBuilder.swift in Sources */ = {isa = PBXBuildFile; fileRef = 39EBCE0A2B8A484000599D58 /* SelecteLocationBuilder.swift */; };
		39EBCE0F2B8A484000599D58 /* SelecteLocationInteractor.swift in Sources */ = {isa = PBXBuildFile; fileRef = 39EBCE0B2B8A484000599D58 /* SelecteLocationInteractor.swift */; };
		39EEFD7F2BC22D2300A39833 /* SelectLocationResultCell.swift in Sources */ = {isa = PBXBuildFile; fileRef = 39EEFD7E2BC22D2300A39833 /* SelectLocationResultCell.swift */; };
		39EF11B12BB6DE73000E1996 /* String+.swift in Sources */ = {isa = PBXBuildFile; fileRef = 39EF11B02BB6DE73000E1996 /* String+.swift */; };
		39EF11B62BBADCF0000E1996 /* Secrets.plist in Resources */ = {isa = PBXBuildFile; fileRef = 39EF11B52BBADCF0000E1996 /* Secrets.plist */; };
		39EF11B82BBAE182000E1996 /* Array+.swift in Sources */ = {isa = PBXBuildFile; fileRef = 39EF11B72BBAE182000E1996 /* Array+.swift */; };
		456B09CC2BB9520100920C54 /* TextFieldWithUnderline.swift in Sources */ = {isa = PBXBuildFile; fileRef = 456B09CB2BB9520100920C54 /* TextFieldWithUnderline.swift */; };
		456B09CE2BB953B200920C54 /* UITextField+.swift in Sources */ = {isa = PBXBuildFile; fileRef = 456B09CD2BB953B200920C54 /* UITextField+.swift */; };
		456B09D22BB954DA00920C54 /* Date+.swift in Sources */ = {isa = PBXBuildFile; fileRef = 456B09D12BB954DA00920C54 /* Date+.swift */; };
		456B09D42BB9566C00920C54 /* CustomTextView.swift in Sources */ = {isa = PBXBuildFile; fileRef = 456B09D32BB9566C00920C54 /* CustomTextView.swift */; };
		6C78590B2C3428C500C352CF /* LoginRouter.swift in Sources */ = {isa = PBXBuildFile; fileRef = 6C7859072C3428C500C352CF /* LoginRouter.swift */; };
		6C78590C2C3428C500C352CF /* LoginViewController.swift in Sources */ = {isa = PBXBuildFile; fileRef = 6C7859082C3428C500C352CF /* LoginViewController.swift */; };
		6C78590D2C3428C500C352CF /* LoginBuilder.swift in Sources */ = {isa = PBXBuildFile; fileRef = 6C7859092C3428C500C352CF /* LoginBuilder.swift */; };
		6C78590E2C3428C500C352CF /* LoginInteractor.swift in Sources */ = {isa = PBXBuildFile; fileRef = 6C78590A2C3428C500C352CF /* LoginInteractor.swift */; };
		6C7859132C35047A00C352CF /* RxKakaoSDK in Frameworks */ = {isa = PBXBuildFile; productRef = 6C7859122C35047A00C352CF /* RxKakaoSDK */; };
		6C7859152C35047A00C352CF /* RxKakaoSDKAuth in Frameworks */ = {isa = PBXBuildFile; productRef = 6C7859142C35047A00C352CF /* RxKakaoSDKAuth */; };
		6C7859172C35047A00C352CF /* RxKakaoSDKCommon in Frameworks */ = {isa = PBXBuildFile; productRef = 6C7859162C35047A00C352CF /* RxKakaoSDKCommon */; };
		6C78591A2C35380700C352CF /* LoginModel.swift in Sources */ = {isa = PBXBuildFile; fileRef = 6C7859192C35380700C352CF /* LoginModel.swift */; };
		6C7859202C353C0C00C352CF /* TermsOfUseRouter.swift in Sources */ = {isa = PBXBuildFile; fileRef = 6C78591C2C353C0C00C352CF /* TermsOfUseRouter.swift */; };
		6C7859212C353C0C00C352CF /* TermsOfUseViewController.swift in Sources */ = {isa = PBXBuildFile; fileRef = 6C78591D2C353C0C00C352CF /* TermsOfUseViewController.swift */; };
		6C7859222C353C0C00C352CF /* TermsOfUseBuilder.swift in Sources */ = {isa = PBXBuildFile; fileRef = 6C78591E2C353C0C00C352CF /* TermsOfUseBuilder.swift */; };
		6C7859232C353C0C00C352CF /* TermsOfUseInteractor.swift in Sources */ = {isa = PBXBuildFile; fileRef = 6C78591F2C353C0C00C352CF /* TermsOfUseInteractor.swift */; };
/* End PBXBuildFile section */

/* Begin PBXFileReference section */
		390504772BE4296400575DF1 /* CustomPresentHeader.swift */ = {isa = PBXFileReference; lastKnownFileType = sourcecode.swift; path = CustomPresentHeader.swift; sourceTree = "<group>"; };
		39195FFC2BAB40D900CC7A2E /* SelectLocationCell.swift */ = {isa = PBXFileReference; lastKnownFileType = sourcecode.swift; path = SelectLocationCell.swift; sourceTree = "<group>"; };
		39195FFE2BAC51EA00CC7A2E /* RecentSearchCell.swift */ = {isa = PBXFileReference; lastKnownFileType = sourcecode.swift; path = RecentSearchCell.swift; sourceTree = "<group>"; };
		391960012BAC542B00CC7A2E /* UserDefaultsManager.swift */ = {isa = PBXFileReference; lastKnownFileType = sourcecode.swift; path = UserDefaultsManager.swift; sourceTree = "<group>"; };
		3919BA642B988C0000E2A3CC /* UIView+.swift */ = {isa = PBXFileReference; lastKnownFileType = sourcecode.swift; path = "UIView+.swift"; sourceTree = "<group>"; };
		3919BA6B2B9A1D2800E2A3CC /* ViewControllable+.swift */ = {isa = PBXFileReference; lastKnownFileType = sourcecode.swift; path = "ViewControllable+.swift"; sourceTree = "<group>"; };
		39333CCC2B864786005F295A /* What?fle.app */ = {isa = PBXFileReference; explicitFileType = wrapper.application; includeInIndex = 0; path = "What?fle.app"; sourceTree = BUILT_PRODUCTS_DIR; };
		39333CCF2B864786005F295A /* AppDelegate.swift */ = {isa = PBXFileReference; lastKnownFileType = sourcecode.swift; path = AppDelegate.swift; sourceTree = "<group>"; };
		39333CD12B864786005F295A /* SceneDelegate.swift */ = {isa = PBXFileReference; lastKnownFileType = sourcecode.swift; path = SceneDelegate.swift; sourceTree = "<group>"; };
		39333CD32B864786005F295A /* ViewController.swift */ = {isa = PBXFileReference; lastKnownFileType = sourcecode.swift; path = ViewController.swift; sourceTree = "<group>"; };
		39333CD82B864787005F295A /* Assets.xcassets */ = {isa = PBXFileReference; lastKnownFileType = folder.assetcatalog; path = Assets.xcassets; sourceTree = "<group>"; };
		39333CDB2B864787005F295A /* Base */ = {isa = PBXFileReference; lastKnownFileType = file.storyboard; name = Base; path = Base.lproj/LaunchScreen.storyboard; sourceTree = "<group>"; };
		39333CDD2B864787005F295A /* Info.plist */ = {isa = PBXFileReference; lastKnownFileType = text.plist.xml; path = Info.plist; sourceTree = "<group>"; };
		39333CF22B864EF9005F295A /* SUIT-SemiBold.otf */ = {isa = PBXFileReference; lastKnownFileType = file; path = "SUIT-SemiBold.otf"; sourceTree = "<group>"; };
		39333CF32B864EF9005F295A /* SUIT-Medium.otf */ = {isa = PBXFileReference; lastKnownFileType = file; path = "SUIT-Medium.otf"; sourceTree = "<group>"; };
		39333CF42B864EF9005F295A /* SUIT-Bold.otf */ = {isa = PBXFileReference; lastKnownFileType = file; path = "SUIT-Bold.otf"; sourceTree = "<group>"; };
		39333CF52B864EF9005F295A /* SUIT-Thin.otf */ = {isa = PBXFileReference; lastKnownFileType = file; path = "SUIT-Thin.otf"; sourceTree = "<group>"; };
		39333CF62B864EF9005F295A /* SUIT-Light.otf */ = {isa = PBXFileReference; lastKnownFileType = file; path = "SUIT-Light.otf"; sourceTree = "<group>"; };
		39333CF72B864EF9005F295A /* SUIT-Heavy.otf */ = {isa = PBXFileReference; lastKnownFileType = file; path = "SUIT-Heavy.otf"; sourceTree = "<group>"; };
		39333CF82B864EF9005F295A /* SUIT-ExtraLight.otf */ = {isa = PBXFileReference; lastKnownFileType = file; path = "SUIT-ExtraLight.otf"; sourceTree = "<group>"; };
		39333CF92B864EF9005F295A /* SUIT-Regular.otf */ = {isa = PBXFileReference; lastKnownFileType = file; path = "SUIT-Regular.otf"; sourceTree = "<group>"; };
		39333CFA2B864EF9005F295A /* SUIT-ExtraBold.otf */ = {isa = PBXFileReference; lastKnownFileType = file; path = "SUIT-ExtraBold.otf"; sourceTree = "<group>"; };
		39333D062B865132005F295A /* UIFont+Design.swift */ = {isa = PBXFileReference; lastKnownFileType = sourcecode.swift; path = "UIFont+Design.swift"; sourceTree = "<group>"; };
		39333D0A2B8765A2005F295A /* UIColor+Design.swift */ = {isa = PBXFileReference; lastKnownFileType = sourcecode.swift; path = "UIColor+Design.swift"; sourceTree = "<group>"; };
		39333D0C2B87663D005F295A /* UIColor+.swift */ = {isa = PBXFileReference; lastKnownFileType = sourcecode.swift; path = "UIColor+.swift"; sourceTree = "<group>"; };
		39333D0F2B88AE19005F295A /* RootRouter.swift */ = {isa = PBXFileReference; lastKnownFileType = sourcecode.swift; path = RootRouter.swift; sourceTree = "<group>"; };
		39333D102B88AE19005F295A /* RootViewController.swift */ = {isa = PBXFileReference; lastKnownFileType = sourcecode.swift; path = RootViewController.swift; sourceTree = "<group>"; };
		39333D112B88AE19005F295A /* RootBuilder.swift */ = {isa = PBXFileReference; lastKnownFileType = sourcecode.swift; path = RootBuilder.swift; sourceTree = "<group>"; };
		39333D122B88AE19005F295A /* RootInteractor.swift */ = {isa = PBXFileReference; lastKnownFileType = sourcecode.swift; path = RootInteractor.swift; sourceTree = "<group>"; };
		39333D6A2B8993B1005F295A /* HomeRouter.swift */ = {isa = PBXFileReference; lastKnownFileType = sourcecode.swift; path = HomeRouter.swift; sourceTree = "<group>"; };
		39333D6B2B8993B1005F295A /* HomeViewController.swift */ = {isa = PBXFileReference; lastKnownFileType = sourcecode.swift; path = HomeViewController.swift; sourceTree = "<group>"; };
		39333D6C2B8993B1005F295A /* HomeBuilder.swift */ = {isa = PBXFileReference; lastKnownFileType = sourcecode.swift; path = HomeBuilder.swift; sourceTree = "<group>"; };
		39333D6D2B8993B1005F295A /* HomeInteractor.swift */ = {isa = PBXFileReference; lastKnownFileType = sourcecode.swift; path = HomeInteractor.swift; sourceTree = "<group>"; };
		39333D722B89A3AA005F295A /* AppComponent.swift */ = {isa = PBXFileReference; lastKnownFileType = sourcecode.swift; path = AppComponent.swift; sourceTree = "<group>"; };
		3939FFCA2B8DFD01007E58F6 /* SearchBar.swift */ = {isa = PBXFileReference; lastKnownFileType = sourcecode.swift; path = SearchBar.swift; sourceTree = "<group>"; };
		3939FFCD2B8E2788007E58F6 /* UINavigationController+.swift */ = {isa = PBXFileReference; lastKnownFileType = sourcecode.swift; path = "UINavigationController+.swift"; sourceTree = "<group>"; };
		3939FFD52B8F6EF3007E58F6 /* AppConfigs.swift */ = {isa = PBXFileReference; lastKnownFileType = sourcecode.swift; path = AppConfigs.swift; sourceTree = "<group>"; };
		3939FFD72B8F750D007E58F6 /* NetworkService.swift */ = {isa = PBXFileReference; lastKnownFileType = sourcecode.swift; path = NetworkService.swift; sourceTree = "<group>"; };
		3939FFDA2B90D063007E58F6 /* KakaoAPI.swift */ = {isa = PBXFileReference; lastKnownFileType = sourcecode.swift; path = KakaoAPI.swift; sourceTree = "<group>"; };
		3939FFDD2B90D430007E58F6 /* SelectLocationModel.swift */ = {isa = PBXFileReference; lastKnownFileType = sourcecode.swift; path = SelectLocationModel.swift; sourceTree = "<group>"; };
		3939FFF42B9451E3007E58F6 /* UIApplication+.swift */ = {isa = PBXFileReference; lastKnownFileType = sourcecode.swift; path = "UIApplication+.swift"; sourceTree = "<group>"; };
		3939FFFA2B961BBA007E58F6 /* RegistLocationRouter.swift */ = {isa = PBXFileReference; lastKnownFileType = sourcecode.swift; path = RegistLocationRouter.swift; sourceTree = "<group>"; };
		3939FFFB2B961BBA007E58F6 /* RegistLocationViewController.swift */ = {isa = PBXFileReference; lastKnownFileType = sourcecode.swift; path = RegistLocationViewController.swift; sourceTree = "<group>"; };
		3939FFFC2B961BBA007E58F6 /* RegistLocationBuilder.swift */ = {isa = PBXFileReference; lastKnownFileType = sourcecode.swift; path = RegistLocationBuilder.swift; sourceTree = "<group>"; };
		3939FFFD2B961BBA007E58F6 /* RegistLocationInteractor.swift */ = {isa = PBXFileReference; lastKnownFileType = sourcecode.swift; path = RegistLocationInteractor.swift; sourceTree = "<group>"; };
		39411B342BBC3AC200A54EA7 /* LocationImageCell.swift */ = {isa = PBXFileReference; lastKnownFileType = sourcecode.swift; path = LocationImageCell.swift; sourceTree = "<group>"; };
		3961ADDB2BB05CF900977C4B /* LoadingIndicator.swift */ = {isa = PBXFileReference; lastKnownFileType = sourcecode.swift; path = LoadingIndicator.swift; sourceTree = "<group>"; };
		398347812BC17F2100C25F63 /* WhatfleAPI.swift */ = {isa = PBXFileReference; lastKnownFileType = sourcecode.swift; path = WhatfleAPI.swift; sourceTree = "<group>"; };
		398347832BC1819B00C25F63 /* SearchMock.json */ = {isa = PBXFileReference; lastKnownFileType = text.json; path = SearchMock.json; sourceTree = "<group>"; };
		398347852BC1862400C25F63 /* RetriveRegistLocationMock.json */ = {isa = PBXFileReference; lastKnownFileType = text.json; path = RetriveRegistLocationMock.json; sourceTree = "<group>"; };
		398347882BC1885400C25F63 /* RegisteredLocationModel.swift */ = {isa = PBXFileReference; lastKnownFileType = sourcecode.swift; path = RegisteredLocationModel.swift; sourceTree = "<group>"; };
		3983478A2BC1B56100C25F63 /* UIViewController+.swift */ = {isa = PBXFileReference; lastKnownFileType = sourcecode.swift; path = "UIViewController+.swift"; sourceTree = "<group>"; };
		399974112BCFFEDE009AF937 /* RegistCollectionRouter.swift */ = {isa = PBXFileReference; lastKnownFileType = sourcecode.swift; path = RegistCollectionRouter.swift; sourceTree = "<group>"; };
		399974122BCFFEDE009AF937 /* RegistCollectionViewController.swift */ = {isa = PBXFileReference; lastKnownFileType = sourcecode.swift; path = RegistCollectionViewController.swift; sourceTree = "<group>"; };
		399974132BCFFEDE009AF937 /* RegistCollectionBuilder.swift */ = {isa = PBXFileReference; lastKnownFileType = sourcecode.swift; path = RegistCollectionBuilder.swift; sourceTree = "<group>"; };
		399974142BCFFEDE009AF937 /* RegistCollectionInteractor.swift */ = {isa = PBXFileReference; lastKnownFileType = sourcecode.swift; path = RegistCollectionInteractor.swift; sourceTree = "<group>"; };
		399974192BD00CDE009AF937 /* AddPhotoControl.swift */ = {isa = PBXFileReference; lastKnownFileType = sourcecode.swift; path = AddPhotoControl.swift; sourceTree = "<group>"; };
		39A81E6D2BEE53870009C43F /* PlaceRegistration.swift */ = {isa = PBXFileReference; lastKnownFileType = sourcecode.swift; path = PlaceRegistration.swift; sourceTree = "<group>"; };
		39A81E6F2BF3A7550009C43F /* UIImage+.swift */ = {isa = PBXFileReference; lastKnownFileType = sourcecode.swift; path = "UIImage+.swift"; sourceTree = "<group>"; };
		39A81E722BF3BC460009C43F /* CustomError.swift */ = {isa = PBXFileReference; lastKnownFileType = sourcecode.swift; path = CustomError.swift; sourceTree = "<group>"; };
		39CBE1122BC6289D003CB3F0 /* SplashRouter.swift */ = {isa = PBXFileReference; lastKnownFileType = sourcecode.swift; path = SplashRouter.swift; sourceTree = "<group>"; };
		39CBE1132BC6289D003CB3F0 /* SplashViewController.swift */ = {isa = PBXFileReference; lastKnownFileType = sourcecode.swift; path = SplashViewController.swift; sourceTree = "<group>"; };
		39CBE1142BC6289D003CB3F0 /* SplashBuilder.swift */ = {isa = PBXFileReference; lastKnownFileType = sourcecode.swift; path = SplashBuilder.swift; sourceTree = "<group>"; };
		39CBE1152BC6289D003CB3F0 /* SplashInteractor.swift */ = {isa = PBXFileReference; lastKnownFileType = sourcecode.swift; path = SplashInteractor.swift; sourceTree = "<group>"; };
		39CF56A42BC0F0A300E718C8 /* AddCollectionRouter.swift */ = {isa = PBXFileReference; lastKnownFileType = sourcecode.swift; path = AddCollectionRouter.swift; sourceTree = "<group>"; };
		39CF56A52BC0F0A300E718C8 /* AddCollectionViewController.swift */ = {isa = PBXFileReference; lastKnownFileType = sourcecode.swift; path = AddCollectionViewController.swift; sourceTree = "<group>"; };
		39CF56A62BC0F0A300E718C8 /* AddCollectionBuilder.swift */ = {isa = PBXFileReference; lastKnownFileType = sourcecode.swift; path = AddCollectionBuilder.swift; sourceTree = "<group>"; };
		39CF56A72BC0F0A300E718C8 /* AddCollectionInteractor.swift */ = {isa = PBXFileReference; lastKnownFileType = sourcecode.swift; path = AddCollectionInteractor.swift; sourceTree = "<group>"; };
		39CF56AE2BC0FD8D00E718C8 /* CustomNavigationBar.swift */ = {isa = PBXFileReference; lastKnownFileType = sourcecode.swift; path = CustomNavigationBar.swift; sourceTree = "<group>"; };
		39D562B62BD69A9C00111E9C /* .swiftlint.yml */ = {isa = PBXFileReference; lastKnownFileType = text.yaml; path = .swiftlint.yml; sourceTree = "<group>"; };
		39D562B92BD69ED900111E9C /* UIVCWithKeyboard.swift */ = {isa = PBXFileReference; lastKnownFileType = sourcecode.swift; path = UIVCWithKeyboard.swift; sourceTree = "<group>"; };
		39EBCDF22B8A26B200599D58 /* AddRouter.swift */ = {isa = PBXFileReference; lastKnownFileType = sourcecode.swift; path = AddRouter.swift; sourceTree = "<group>"; };
		39EBCDF32B8A26B200599D58 /* AddViewController.swift */ = {isa = PBXFileReference; lastKnownFileType = sourcecode.swift; path = AddViewController.swift; sourceTree = "<group>"; };
		39EBCDF42B8A26B200599D58 /* AddBuilder.swift */ = {isa = PBXFileReference; lastKnownFileType = sourcecode.swift; path = AddBuilder.swift; sourceTree = "<group>"; };
		39EBCDF52B8A26B200599D58 /* AddInteractor.swift */ = {isa = PBXFileReference; lastKnownFileType = sourcecode.swift; path = AddInteractor.swift; sourceTree = "<group>"; };
		39EBCDFA2B8A26BF00599D58 /* MapRouter.swift */ = {isa = PBXFileReference; lastKnownFileType = sourcecode.swift; path = MapRouter.swift; sourceTree = "<group>"; };
		39EBCDFB2B8A26BF00599D58 /* MapViewController.swift */ = {isa = PBXFileReference; lastKnownFileType = sourcecode.swift; path = MapViewController.swift; sourceTree = "<group>"; };
		39EBCDFC2B8A26BF00599D58 /* MapBuilder.swift */ = {isa = PBXFileReference; lastKnownFileType = sourcecode.swift; path = MapBuilder.swift; sourceTree = "<group>"; };
		39EBCDFD2B8A26BF00599D58 /* MapInteractor.swift */ = {isa = PBXFileReference; lastKnownFileType = sourcecode.swift; path = MapInteractor.swift; sourceTree = "<group>"; };
		39EBCE082B8A484000599D58 /* SelecteLocationRouter.swift */ = {isa = PBXFileReference; lastKnownFileType = sourcecode.swift; path = SelecteLocationRouter.swift; sourceTree = "<group>"; };
		39EBCE092B8A484000599D58 /* SelecteLocationViewController.swift */ = {isa = PBXFileReference; lastKnownFileType = sourcecode.swift; path = SelecteLocationViewController.swift; sourceTree = "<group>"; };
		39EBCE0A2B8A484000599D58 /* SelecteLocationBuilder.swift */ = {isa = PBXFileReference; lastKnownFileType = sourcecode.swift; path = SelecteLocationBuilder.swift; sourceTree = "<group>"; };
		39EBCE0B2B8A484000599D58 /* SelecteLocationInteractor.swift */ = {isa = PBXFileReference; lastKnownFileType = sourcecode.swift; path = SelecteLocationInteractor.swift; sourceTree = "<group>"; };
		39EEFD7E2BC22D2300A39833 /* SelectLocationResultCell.swift */ = {isa = PBXFileReference; lastKnownFileType = sourcecode.swift; path = SelectLocationResultCell.swift; sourceTree = "<group>"; };
		39EF11B02BB6DE73000E1996 /* String+.swift */ = {isa = PBXFileReference; lastKnownFileType = sourcecode.swift; path = "String+.swift"; sourceTree = "<group>"; };
		39EF11B52BBADCF0000E1996 /* Secrets.plist */ = {isa = PBXFileReference; fileEncoding = 4; lastKnownFileType = text.plist.xml; path = Secrets.plist; sourceTree = "<group>"; };
		39EF11B72BBAE182000E1996 /* Array+.swift */ = {isa = PBXFileReference; lastKnownFileType = sourcecode.swift; path = "Array+.swift"; sourceTree = "<group>"; };
		456B09CB2BB9520100920C54 /* TextFieldWithUnderline.swift */ = {isa = PBXFileReference; lastKnownFileType = sourcecode.swift; path = TextFieldWithUnderline.swift; sourceTree = "<group>"; };
		456B09CD2BB953B200920C54 /* UITextField+.swift */ = {isa = PBXFileReference; lastKnownFileType = sourcecode.swift; path = "UITextField+.swift"; sourceTree = "<group>"; };
		456B09D12BB954DA00920C54 /* Date+.swift */ = {isa = PBXFileReference; lastKnownFileType = sourcecode.swift; path = "Date+.swift"; sourceTree = "<group>"; };
		456B09D32BB9566C00920C54 /* CustomTextView.swift */ = {isa = PBXFileReference; lastKnownFileType = sourcecode.swift; path = CustomTextView.swift; sourceTree = "<group>"; };
		6C7859072C3428C500C352CF /* LoginRouter.swift */ = {isa = PBXFileReference; lastKnownFileType = sourcecode.swift; path = LoginRouter.swift; sourceTree = "<group>"; };
		6C7859082C3428C500C352CF /* LoginViewController.swift */ = {isa = PBXFileReference; lastKnownFileType = sourcecode.swift; path = LoginViewController.swift; sourceTree = "<group>"; };
		6C7859092C3428C500C352CF /* LoginBuilder.swift */ = {isa = PBXFileReference; lastKnownFileType = sourcecode.swift; path = LoginBuilder.swift; sourceTree = "<group>"; };
		6C78590A2C3428C500C352CF /* LoginInteractor.swift */ = {isa = PBXFileReference; lastKnownFileType = sourcecode.swift; path = LoginInteractor.swift; sourceTree = "<group>"; };
		6C7859192C35380700C352CF /* LoginModel.swift */ = {isa = PBXFileReference; lastKnownFileType = sourcecode.swift; path = LoginModel.swift; sourceTree = "<group>"; };
		6C78591C2C353C0C00C352CF /* TermsOfUseRouter.swift */ = {isa = PBXFileReference; lastKnownFileType = sourcecode.swift; path = TermsOfUseRouter.swift; sourceTree = "<group>"; };
		6C78591D2C353C0C00C352CF /* TermsOfUseViewController.swift */ = {isa = PBXFileReference; lastKnownFileType = sourcecode.swift; path = TermsOfUseViewController.swift; sourceTree = "<group>"; };
		6C78591E2C353C0C00C352CF /* TermsOfUseBuilder.swift */ = {isa = PBXFileReference; lastKnownFileType = sourcecode.swift; path = TermsOfUseBuilder.swift; sourceTree = "<group>"; };
		6C78591F2C353C0C00C352CF /* TermsOfUseInteractor.swift */ = {isa = PBXFileReference; lastKnownFileType = sourcecode.swift; path = TermsOfUseInteractor.swift; sourceTree = "<group>"; };
/* End PBXFileReference section */

/* Begin PBXFrameworksBuildPhase section */
		39333CC92B864786005F295A /* Frameworks */ = {
			isa = PBXFrameworksBuildPhase;
			buildActionMask = 2147483647;
			files = (
				39333CEE2B864998005F295A /* RIBs in Frameworks */,
				39333CEB2B864979005F295A /* SnapKit in Frameworks */,
				39333CE82B86496C005F295A /* Moya in Frameworks */,
				6C7859172C35047A00C352CF /* RxKakaoSDKCommon in Frameworks */,
				6C7859152C35047A00C352CF /* RxKakaoSDKAuth in Frameworks */,
				39333CE52B86494C005F295A /* RxCocoa in Frameworks */,
				6C7859132C35047A00C352CF /* RxKakaoSDK in Frameworks */,
			);
			runOnlyForDeploymentPostprocessing = 0;
		};
/* End PBXFrameworksBuildPhase section */

/* Begin PBXGroup section */
		391960002BAC541200CC7A2E /* UserDeafults */ = {
			isa = PBXGroup;
			children = (
				391960012BAC542B00CC7A2E /* UserDefaultsManager.swift */,
			);
			path = UserDeafults;
			sourceTree = "<group>";
		};
		39333CC32B864786005F295A = {
			isa = PBXGroup;
			children = (
				39333CCE2B864786005F295A /* What?fle */,
				39333CCD2B864786005F295A /* Products */,
			);
			sourceTree = "<group>";
		};
		39333CCD2B864786005F295A /* Products */ = {
			isa = PBXGroup;
			children = (
				39333CCC2B864786005F295A /* What?fle.app */,
			);
			name = Products;
			sourceTree = "<group>";
		};
		39333CCE2B864786005F295A /* What?fle */ = {
			isa = PBXGroup;
			children = (
				39333D722B89A3AA005F295A /* AppComponent.swift */,
				39333CCF2B864786005F295A /* AppDelegate.swift */,
				39333CD12B864786005F295A /* SceneDelegate.swift */,
				39333CD32B864786005F295A /* ViewController.swift */,
				3939FFD52B8F6EF3007E58F6 /* AppConfigs.swift */,
				39CBE1112BC62869003CB3F0 /* Splash */,
				6C7859062C34289200C352CF /* Login */,
				3983477D2BC17C4700C25F63 /* View */,
				3939FFD02B8F6B91007E58F6 /* NetworkService */,
				39333D042B865110005F295A /* Extension */,
				39333CDA2B864787005F295A /* LaunchScreen.storyboard */,
				39333CDD2B864787005F295A /* Info.plist */,
				39D562B62BD69A9C00111E9C /* .swiftlint.yml */,
			);
			path = "What?fle";
			sourceTree = "<group>";
		};
		39333CF02B864EE1005F295A /* Resources */ = {
			isa = PBXGroup;
			children = (
				39333CF12B864EEB005F295A /* Font */,
				39333CD82B864787005F295A /* Assets.xcassets */,
				39EF11B52BBADCF0000E1996 /* Secrets.plist */,
			);
			path = Resources;
			sourceTree = "<group>";
		};
		39333CF12B864EEB005F295A /* Font */ = {
			isa = PBXGroup;
			children = (
				39333D082B86516F005F295A /* SUIT */,
			);
			path = Font;
			sourceTree = "<group>";
		};
		39333D042B865110005F295A /* Extension */ = {
			isa = PBXGroup;
			children = (
				39411B302BBB0BF200A54EA7 /* Rx+ */,
				3939FFCF2B8E27BB007E58F6 /* RIBs+ */,
				39333CF02B864EE1005F295A /* Resources */,
				39333D052B865119005F295A /* DesignSystem */,
				39333D0C2B87663D005F295A /* UIColor+.swift */,
				3919BA642B988C0000E2A3CC /* UIView+.swift */,
				39EF11B02BB6DE73000E1996 /* String+.swift */,
				456B09CD2BB953B200920C54 /* UITextField+.swift */,
				456B09D12BB954DA00920C54 /* Date+.swift */,
				39EF11B72BBAE182000E1996 /* Array+.swift */,
				39A81E6F2BF3A7550009C43F /* UIImage+.swift */,
			);
			path = Extension;
			sourceTree = "<group>";
		};
		39333D052B865119005F295A /* DesignSystem */ = {
			isa = PBXGroup;
			children = (
				39333D062B865132005F295A /* UIFont+Design.swift */,
				39333D0A2B8765A2005F295A /* UIColor+Design.swift */,
			);
			path = DesignSystem;
			sourceTree = "<group>";
		};
		39333D082B86516F005F295A /* SUIT */ = {
			isa = PBXGroup;
			children = (
				39333CF52B864EF9005F295A /* SUIT-Thin.otf */,
				39333CF82B864EF9005F295A /* SUIT-ExtraLight.otf */,
				39333CF62B864EF9005F295A /* SUIT-Light.otf */,
				39333CF92B864EF9005F295A /* SUIT-Regular.otf */,
				39333CF32B864EF9005F295A /* SUIT-Medium.otf */,
				39333CF22B864EF9005F295A /* SUIT-SemiBold.otf */,
				39333CF42B864EF9005F295A /* SUIT-Bold.otf */,
				39333CFA2B864EF9005F295A /* SUIT-ExtraBold.otf */,
				39333CF72B864EF9005F295A /* SUIT-Heavy.otf */,
			);
			path = SUIT;
			sourceTree = "<group>";
		};
		39333D0E2B88AD81005F295A /* Root */ = {
			isa = PBXGroup;
			children = (
				39333D0F2B88AE19005F295A /* RootRouter.swift */,
				39333D102B88AE19005F295A /* RootViewController.swift */,
				39333D112B88AE19005F295A /* RootBuilder.swift */,
				39333D122B88AE19005F295A /* RootInteractor.swift */,
			);
			path = Root;
			sourceTree = "<group>";
		};
		39333D652B8905A3005F295A /* Module */ = {
			isa = PBXGroup;
			children = (
				39D562B82BD69EC600111E9C /* Common */,
				3939FFDF2B943612007E58F6 /* HelperModuld */,
				6C78591B2C353BE300C352CF /* Terms */,
				39333D0E2B88AD81005F295A /* Root */,
				39333D692B899395005F295A /* Home */,
				39EBCDF12B8A268B00599D58 /* Add */,
				39EBCDF02B8A268500599D58 /* Map */,
				3939FFCC2B8DFD0E007E58F6 /* What?fleUIKit */,
			);
			path = Module;
			sourceTree = "<group>";
		};
		39333D692B899395005F295A /* Home */ = {
			isa = PBXGroup;
			children = (
				39333D6A2B8993B1005F295A /* HomeRouter.swift */,
				39333D6B2B8993B1005F295A /* HomeViewController.swift */,
				39333D6C2B8993B1005F295A /* HomeBuilder.swift */,
				39333D6D2B8993B1005F295A /* HomeInteractor.swift */,
			);
			path = Home;
			sourceTree = "<group>";
		};
		3939FFCC2B8DFD0E007E58F6 /* What?fleUIKit */ = {
			isa = PBXGroup;
			children = (
				3961ADDA2BB05CE200977C4B /* LoadingIndicator */,
				3939FFCA2B8DFD01007E58F6 /* SearchBar.swift */,
				456B09D32BB9566C00920C54 /* CustomTextView.swift */,
				456B09CB2BB9520100920C54 /* TextFieldWithUnderline.swift */,
				39CF56AE2BC0FD8D00E718C8 /* CustomNavigationBar.swift */,
				390504772BE4296400575DF1 /* CustomPresentHeader.swift */,
				399974192BD00CDE009AF937 /* AddPhotoControl.swift */,
			);
			path = "What?fleUIKit";
			sourceTree = "<group>";
		};
		3939FFCF2B8E27BB007E58F6 /* RIBs+ */ = {
			isa = PBXGroup;
			children = (
				3939FFCD2B8E2788007E58F6 /* UINavigationController+.swift */,
				3919BA6B2B9A1D2800E2A3CC /* ViewControllable+.swift */,
				3939FFF42B9451E3007E58F6 /* UIApplication+.swift */,
			);
			path = "RIBs+";
			sourceTree = "<group>";
		};
		3939FFD02B8F6B91007E58F6 /* NetworkService */ = {
			isa = PBXGroup;
			children = (
				398347802BC17D8C00C25F63 /* MockData */,
				3939FFD92B90D04F007E58F6 /* APIs */,
				3939FFD72B8F750D007E58F6 /* NetworkService.swift */,
			);
			path = NetworkService;
			sourceTree = "<group>";
		};
		3939FFD92B90D04F007E58F6 /* APIs */ = {
			isa = PBXGroup;
			children = (
				3983477F2BC17D2F00C25F63 /* Whatfle */,
				3983477E2BC17D2500C25F63 /* Kakao */,
				39A81E712BF3BC300009C43F /* Error */,
			);
			path = APIs;
			sourceTree = "<group>";
		};
		3939FFDC2B90D423007E58F6 /* Entity */ = {
			isa = PBXGroup;
			children = (
				3939FFDD2B90D430007E58F6 /* SelectLocationModel.swift */,
			);
			path = Entity;
			sourceTree = "<group>";
		};
		3939FFDF2B943612007E58F6 /* HelperModuld */ = {
			isa = PBXGroup;
			children = (
				391960002BAC541200CC7A2E /* UserDeafults */,
			);
			path = HelperModuld;
			sourceTree = "<group>";
		};
		3939FFF92B961B52007E58F6 /* RegistLocation */ = {
			isa = PBXGroup;
			children = (
				39A81E6C2BEE537B0009C43F /* Entity */,
				39411B332BBC3AAE00A54EA7 /* Cell */,
				3939FFFA2B961BBA007E58F6 /* RegistLocationRouter.swift */,
				3939FFFB2B961BBA007E58F6 /* RegistLocationViewController.swift */,
				3939FFFC2B961BBA007E58F6 /* RegistLocationBuilder.swift */,
				3939FFFD2B961BBA007E58F6 /* RegistLocationInteractor.swift */,
			);
			path = RegistLocation;
			sourceTree = "<group>";
		};
		39411B302BBB0BF200A54EA7 /* Rx+ */ = {
			isa = PBXGroup;
			children = (
				3983478A2BC1B56100C25F63 /* UIViewController+.swift */,
			);
			path = "Rx+";
			sourceTree = "<group>";
		};
		39411B332BBC3AAE00A54EA7 /* Cell */ = {
			isa = PBXGroup;
			children = (
				39411B342BBC3AC200A54EA7 /* LocationImageCell.swift */,
			);
			path = Cell;
			sourceTree = "<group>";
		};
		3961ADDA2BB05CE200977C4B /* LoadingIndicator */ = {
			isa = PBXGroup;
			children = (
				3961ADDB2BB05CF900977C4B /* LoadingIndicator.swift */,
			);
			path = LoadingIndicator;
			sourceTree = "<group>";
		};
		3983477D2BC17C4700C25F63 /* View */ = {
			isa = PBXGroup;
			children = (
				39333D652B8905A3005F295A /* Module */,
			);
			path = View;
			sourceTree = "<group>";
		};
		3983477E2BC17D2500C25F63 /* Kakao */ = {
			isa = PBXGroup;
			children = (
				3939FFDA2B90D063007E58F6 /* KakaoAPI.swift */,
			);
			path = Kakao;
			sourceTree = "<group>";
		};
		3983477F2BC17D2F00C25F63 /* Whatfle */ = {
			isa = PBXGroup;
			children = (
				398347812BC17F2100C25F63 /* WhatfleAPI.swift */,
			);
			path = Whatfle;
			sourceTree = "<group>";
		};
		398347802BC17D8C00C25F63 /* MockData */ = {
			isa = PBXGroup;
			children = (
				398347832BC1819B00C25F63 /* SearchMock.json */,
				398347852BC1862400C25F63 /* RetriveRegistLocationMock.json */,
			);
			path = MockData;
			sourceTree = "<group>";
		};
		398347872BC1883000C25F63 /* Entity */ = {
			isa = PBXGroup;
			children = (
				398347882BC1885400C25F63 /* RegisteredLocationModel.swift */,
			);
			path = Entity;
			sourceTree = "<group>";
		};
		399974102BCFFEAB009AF937 /* RegistCollection */ = {
			isa = PBXGroup;
			children = (
				399974112BCFFEDE009AF937 /* RegistCollectionRouter.swift */,
				399974122BCFFEDE009AF937 /* RegistCollectionViewController.swift */,
				399974132BCFFEDE009AF937 /* RegistCollectionBuilder.swift */,
				399974142BCFFEDE009AF937 /* RegistCollectionInteractor.swift */,
			);
			path = RegistCollection;
			sourceTree = "<group>";
		};
		39A81E6C2BEE537B0009C43F /* Entity */ = {
			isa = PBXGroup;
			children = (
				39A81E6D2BEE53870009C43F /* PlaceRegistration.swift */,
			);
			path = Entity;
			sourceTree = "<group>";
		};
		39A81E712BF3BC300009C43F /* Error */ = {
			isa = PBXGroup;
			children = (
				39A81E722BF3BC460009C43F /* CustomError.swift */,
			);
			path = Error;
			sourceTree = "<group>";
		};
		39AA54162BAF137A00C38324 /* Cell */ = {
			isa = PBXGroup;
			children = (
				39195FFC2BAB40D900CC7A2E /* SelectLocationCell.swift */,
				39195FFE2BAC51EA00CC7A2E /* RecentSearchCell.swift */,
			);
			path = Cell;
			sourceTree = "<group>";
		};
		39CBE1112BC62869003CB3F0 /* Splash */ = {
			isa = PBXGroup;
			children = (
				39CBE1122BC6289D003CB3F0 /* SplashRouter.swift */,
				39CBE1132BC6289D003CB3F0 /* SplashViewController.swift */,
				39CBE1142BC6289D003CB3F0 /* SplashBuilder.swift */,
				39CBE1152BC6289D003CB3F0 /* SplashInteractor.swift */,
			);
			path = Splash;
			sourceTree = "<group>";
		};
		39D562B82BD69EC600111E9C /* Common */ = {
			isa = PBXGroup;
			children = (
				39D562B92BD69ED900111E9C /* UIVCWithKeyboard.swift */,
			);
			path = Common;
			sourceTree = "<group>";
		};
		39EBCDF02B8A268500599D58 /* Map */ = {
			isa = PBXGroup;
			children = (
				39EBCDFA2B8A26BF00599D58 /* MapRouter.swift */,
				39EBCDFB2B8A26BF00599D58 /* MapViewController.swift */,
				39EBCDFC2B8A26BF00599D58 /* MapBuilder.swift */,
				39EBCDFD2B8A26BF00599D58 /* MapInteractor.swift */,
			);
			path = Map;
			sourceTree = "<group>";
		};
		39EBCDF12B8A268B00599D58 /* Add */ = {
			isa = PBXGroup;
			children = (
				3939FFF92B961B52007E58F6 /* RegistLocation */,
				39EBCE072B8A480300599D58 /* SelectLocation */,
				39EBCE062B8A460C00599D58 /* AddCollection */,
				399974102BCFFEAB009AF937 /* RegistCollection */,
				39EBCDF22B8A26B200599D58 /* AddRouter.swift */,
				39EBCDF32B8A26B200599D58 /* AddViewController.swift */,
				39EBCDF42B8A26B200599D58 /* AddBuilder.swift */,
				39EBCDF52B8A26B200599D58 /* AddInteractor.swift */,
			);
			path = Add;
			sourceTree = "<group>";
		};
		39EBCE062B8A460C00599D58 /* AddCollection */ = {
			isa = PBXGroup;
			children = (
				398347872BC1883000C25F63 /* Entity */,
				39EEFD7D2BC22CEF00A39833 /* Cell */,
				39CF56A42BC0F0A300E718C8 /* AddCollectionRouter.swift */,
				39CF56A52BC0F0A300E718C8 /* AddCollectionViewController.swift */,
				39CF56A62BC0F0A300E718C8 /* AddCollectionBuilder.swift */,
				39CF56A72BC0F0A300E718C8 /* AddCollectionInteractor.swift */,
			);
			path = AddCollection;
			sourceTree = "<group>";
		};
		39EBCE072B8A480300599D58 /* SelectLocation */ = {
			isa = PBXGroup;
			children = (
				3939FFDC2B90D423007E58F6 /* Entity */,
				39AA54162BAF137A00C38324 /* Cell */,
				39EBCE082B8A484000599D58 /* SelecteLocationRouter.swift */,
				39EBCE092B8A484000599D58 /* SelecteLocationViewController.swift */,
				39EBCE0A2B8A484000599D58 /* SelecteLocationBuilder.swift */,
				39EBCE0B2B8A484000599D58 /* SelecteLocationInteractor.swift */,
			);
			path = SelectLocation;
			sourceTree = "<group>";
		};
		39EEFD7D2BC22CEF00A39833 /* Cell */ = {
			isa = PBXGroup;
			children = (
				39EEFD7E2BC22D2300A39833 /* SelectLocationResultCell.swift */,
			);
			path = Cell;
			sourceTree = "<group>";
		};
		6C7859062C34289200C352CF /* Login */ = {
			isa = PBXGroup;
			children = (
				6C7859182C3537F400C352CF /* Entity */,
				6C7859072C3428C500C352CF /* LoginRouter.swift */,
				6C7859082C3428C500C352CF /* LoginViewController.swift */,
				6C7859092C3428C500C352CF /* LoginBuilder.swift */,
				6C78590A2C3428C500C352CF /* LoginInteractor.swift */,
			);
			path = Login;
			sourceTree = "<group>";
		};
		6C7859182C3537F400C352CF /* Entity */ = {
			isa = PBXGroup;
			children = (
				6C7859192C35380700C352CF /* LoginModel.swift */,
			);
			path = Entity;
			sourceTree = "<group>";
		};
		6C78591B2C353BE300C352CF /* Terms */ = {
			isa = PBXGroup;
			children = (
				6C78591C2C353C0C00C352CF /* TermsOfUseRouter.swift */,
				6C78591D2C353C0C00C352CF /* TermsOfUseViewController.swift */,
				6C78591E2C353C0C00C352CF /* TermsOfUseBuilder.swift */,
				6C78591F2C353C0C00C352CF /* TermsOfUseInteractor.swift */,
			);
			path = Terms;
			sourceTree = "<group>";
		};
/* End PBXGroup section */

/* Begin PBXNativeTarget section */
		39333CCB2B864786005F295A /* What?fle */ = {
			isa = PBXNativeTarget;
			buildConfigurationList = 39333CE02B864787005F295A /* Build configuration list for PBXNativeTarget "What?fle" */;
			buildPhases = (
				39333CC82B864786005F295A /* Sources */,
				39333CC92B864786005F295A /* Frameworks */,
				39333CCA2B864786005F295A /* Resources */,
				39333CEF2B864AA5005F295A /* ShellScript */,
			);
			buildRules = (
			);
			dependencies = (
			);
			name = "What?fle";
			packageProductDependencies = (
				39333CE42B86494C005F295A /* RxCocoa */,
				39333CE72B86496C005F295A /* Moya */,
				39333CEA2B864979005F295A /* SnapKit */,
				39333CED2B864998005F295A /* RIBs */,
				6C7859122C35047A00C352CF /* RxKakaoSDK */,
				6C7859142C35047A00C352CF /* RxKakaoSDKAuth */,
				6C7859162C35047A00C352CF /* RxKakaoSDKCommon */,
			);
			productName = "What?fle";
			productReference = 39333CCC2B864786005F295A /* What?fle.app */;
			productType = "com.apple.product-type.application";
		};
/* End PBXNativeTarget section */

/* Begin PBXProject section */
		39333CC42B864786005F295A /* Project object */ = {
			isa = PBXProject;
			attributes = {
				BuildIndependentTargetsInParallel = 1;
				LastSwiftUpdateCheck = 1510;
				LastUpgradeCheck = 1510;
				TargetAttributes = {
					39333CCB2B864786005F295A = {
						CreatedOnToolsVersion = 15.1;
					};
				};
			};
			buildConfigurationList = 39333CC72B864786005F295A /* Build configuration list for PBXProject "What?fle" */;
			compatibilityVersion = "Xcode 14.0";
			developmentRegion = en;
			hasScannedForEncodings = 0;
			knownRegions = (
				en,
				Base,
			);
			mainGroup = 39333CC32B864786005F295A;
			packageReferences = (
				39333CE32B86494C005F295A /* XCRemoteSwiftPackageReference "RxSwift" */,
				39333CE62B86496C005F295A /* XCRemoteSwiftPackageReference "Moya" */,
				39333CE92B864979005F295A /* XCRemoteSwiftPackageReference "SnapKit" */,
				39333CEC2B864998005F295A /* XCRemoteSwiftPackageReference "RIBs" */,
				6C7859112C35047A00C352CF /* XCRemoteSwiftPackageReference "kakao-ios-sdk-rx" */,
			);
			productRefGroup = 39333CCD2B864786005F295A /* Products */;
			projectDirPath = "";
			projectRoot = "";
			targets = (
				39333CCB2B864786005F295A /* What?fle */,
			);
		};
/* End PBXProject section */

/* Begin PBXResourcesBuildPhase section */
		39333CCA2B864786005F295A /* Resources */ = {
			isa = PBXResourcesBuildPhase;
			buildActionMask = 2147483647;
			files = (
				39D562B72BD69A9C00111E9C /* .swiftlint.yml in Resources */,
				39333CFB2B864EF9005F295A /* SUIT-SemiBold.otf in Resources */,
				398347842BC1819B00C25F63 /* SearchMock.json in Resources */,
				39333D032B864EF9005F295A /* SUIT-ExtraBold.otf in Resources */,
				39333D012B864EF9005F295A /* SUIT-ExtraLight.otf in Resources */,
				39333CFC2B864EF9005F295A /* SUIT-Medium.otf in Resources */,
				39EF11B62BBADCF0000E1996 /* Secrets.plist in Resources */,
				39333D022B864EF9005F295A /* SUIT-Regular.otf in Resources */,
				39333CFD2B864EF9005F295A /* SUIT-Bold.otf in Resources */,
				39333CDC2B864787005F295A /* LaunchScreen.storyboard in Resources */,
				39333D002B864EF9005F295A /* SUIT-Heavy.otf in Resources */,
				39333CD92B864787005F295A /* Assets.xcassets in Resources */,
				39333CFE2B864EF9005F295A /* SUIT-Thin.otf in Resources */,
				398347862BC1862400C25F63 /* RetriveRegistLocationMock.json in Resources */,
				39333CFF2B864EF9005F295A /* SUIT-Light.otf in Resources */,
			);
			runOnlyForDeploymentPostprocessing = 0;
		};
/* End PBXResourcesBuildPhase section */

/* Begin PBXShellScriptBuildPhase section */
		39333CEF2B864AA5005F295A /* ShellScript */ = {
			isa = PBXShellScriptBuildPhase;
			alwaysOutOfDate = 1;
			buildActionMask = 2147483647;
			files = (
			);
			inputFileListPaths = (
			);
			inputPaths = (
			);
			outputFileListPaths = (
			);
			outputPaths = (
			);
			runOnlyForDeploymentPostprocessing = 0;
			shellPath = /bin/sh;
			shellScript = "if [[ \"$(uname -m)\" == arm64 ]]; then\n    export PATH=\"/opt/homebrew/bin:$PATH\"\nfi\n\nif which swiftlint > /dev/null; then\n  swiftlint\nelse\n  echo \"warning: SwiftLint not installed, download from https://github.com/realm/SwiftLint\"\nfi\n";
		};
/* End PBXShellScriptBuildPhase section */

/* Begin PBXSourcesBuildPhase section */
		39333CC82B864786005F295A /* Sources */ = {
			isa = PBXSourcesBuildPhase;
			buildActionMask = 2147483647;
			files = (
				6C78590B2C3428C500C352CF /* LoginRouter.swift in Sources */,
				6C78590C2C3428C500C352CF /* LoginViewController.swift in Sources */,
				6C78590D2C3428C500C352CF /* LoginBuilder.swift in Sources */,
				6C78590E2C3428C500C352CF /* LoginInteractor.swift in Sources */,
				39EBCE0C2B8A484000599D58 /* SelecteLocationRouter.swift in Sources */,
				39EBCE0F2B8A484000599D58 /* SelecteLocationInteractor.swift in Sources */,
				3983478B2BC1B56100C25F63 /* UIViewController+.swift in Sources */,
				39333D072B865132005F295A /* UIFont+Design.swift in Sources */,
				39333CD42B864786005F295A /* ViewController.swift in Sources */,
				39EBCDF72B8A26B200599D58 /* AddViewController.swift in Sources */,
				39333CD02B864786005F295A /* AppDelegate.swift in Sources */,
				39333D6E2B8993B1005F295A /* HomeRouter.swift in Sources */,
				39195FFF2BAC51EA00CC7A2E /* RecentSearchCell.swift in Sources */,
				3939FFF52B9451E3007E58F6 /* UIApplication+.swift in Sources */,
				39EBCDF92B8A26B200599D58 /* AddInteractor.swift in Sources */,
				456B09CC2BB9520100920C54 /* TextFieldWithUnderline.swift in Sources */,
				39A81E702BF3A7550009C43F /* UIImage+.swift in Sources */,
				39CBE1172BC6289D003CB3F0 /* SplashViewController.swift in Sources */,
				39333D0B2B8765A2005F295A /* UIColor+Design.swift in Sources */,
				39CBE1162BC6289D003CB3F0 /* SplashRouter.swift in Sources */,
				3961ADDC2BB05CF900977C4B /* LoadingIndicator.swift in Sources */,
				399974182BCFFEDE009AF937 /* RegistCollectionInteractor.swift in Sources */,
				39333D162B88AE19005F295A /* RootInteractor.swift in Sources */,
				39333D132B88AE19005F295A /* RootRouter.swift in Sources */,
				390504782BE4296400575DF1 /* CustomPresentHeader.swift in Sources */,
				3919BA6C2B9A1D2800E2A3CC /* ViewControllable+.swift in Sources */,
				3939FFDE2B90D430007E58F6 /* SelectLocationModel.swift in Sources */,
				39CF56A82BC0F0A300E718C8 /* AddCollectionRouter.swift in Sources */,
				39CF56AA2BC0F0A300E718C8 /* AddCollectionBuilder.swift in Sources */,
				39EBCE002B8A26BF00599D58 /* MapBuilder.swift in Sources */,
				39CF56AB2BC0F0A300E718C8 /* AddCollectionInteractor.swift in Sources */,
				398347892BC1885400C25F63 /* RegisteredLocationModel.swift in Sources */,
				3939FFDB2B90D063007E58F6 /* KakaoAPI.swift in Sources */,
				456B09D22BB954DA00920C54 /* Date+.swift in Sources */,
				39333D152B88AE19005F295A /* RootBuilder.swift in Sources */,
				39EBCE0D2B8A484000599D58 /* SelecteLocationViewController.swift in Sources */,
				39EF11B82BBAE182000E1996 /* Array+.swift in Sources */,
				456B09D42BB9566C00920C54 /* CustomTextView.swift in Sources */,
				393900002B961BBA007E58F6 /* RegistLocationBuilder.swift in Sources */,
				39CBE1182BC6289D003CB3F0 /* SplashBuilder.swift in Sources */,
				39EBCDFF2B8A26BF00599D58 /* MapViewController.swift in Sources */,
				391960022BAC542B00CC7A2E /* UserDefaultsManager.swift in Sources */,
				3919BA652B988C0000E2A3CC /* UIView+.swift in Sources */,
				39A81E6E2BEE53870009C43F /* PlaceRegistration.swift in Sources */,
				39EBCE0E2B8A484000599D58 /* SelecteLocationBuilder.swift in Sources */,
				39EBCDFE2B8A26BF00599D58 /* MapRouter.swift in Sources */,
				398347822BC17F2100C25F63 /* WhatfleAPI.swift in Sources */,
				3939FFD62B8F6EF3007E58F6 /* AppConfigs.swift in Sources */,
				39333D6F2B8993B1005F295A /* HomeViewController.swift in Sources */,
				39CF56A92BC0F0A300E718C8 /* AddCollectionViewController.swift in Sources */,
				39EBCE012B8A26BF00599D58 /* MapInteractor.swift in Sources */,
				39333CD22B864786005F295A /* SceneDelegate.swift in Sources */,
				3939FFFE2B961BBA007E58F6 /* RegistLocationRouter.swift in Sources */,
				39A81E732BF3BC460009C43F /* CustomError.swift in Sources */,
				39333D732B89A3AA005F295A /* AppComponent.swift in Sources */,
				39333D142B88AE19005F295A /* RootViewController.swift in Sources */,
				39333D712B8993B1005F295A /* HomeInteractor.swift in Sources */,
				3939FFD82B8F750D007E58F6 /* NetworkService.swift in Sources */,
				39EBCDF82B8A26B200599D58 /* AddBuilder.swift in Sources */,
				6C78591A2C35380700C352CF /* LoginModel.swift in Sources */,
				3999741A2BD00CDE009AF937 /* AddPhotoControl.swift in Sources */,
				39333D702B8993B1005F295A /* HomeBuilder.swift in Sources */,
				39411B352BBC3AC200A54EA7 /* LocationImageCell.swift in Sources */,
				39333D0D2B87663D005F295A /* UIColor+.swift in Sources */,
				399974152BCFFEDE009AF937 /* RegistCollectionRouter.swift in Sources */,
				3939FFCB2B8DFD01007E58F6 /* SearchBar.swift in Sources */,
				39EF11B12BB6DE73000E1996 /* String+.swift in Sources */,
				3939FFCE2B8E2788007E58F6 /* UINavigationController+.swift in Sources */,
				39CBE1192BC6289D003CB3F0 /* SplashInteractor.swift in Sources */,
				39CF56AF2BC0FD8D00E718C8 /* CustomNavigationBar.swift in Sources */,
				39195FFD2BAB40D900CC7A2E /* SelectLocationCell.swift in Sources */,
				6C7859202C353C0C00C352CF /* TermsOfUseRouter.swift in Sources */,
				6C7859212C353C0C00C352CF /* TermsOfUseViewController.swift in Sources */,
				6C7859222C353C0C00C352CF /* TermsOfUseBuilder.swift in Sources */,
				6C7859232C353C0C00C352CF /* TermsOfUseInteractor.swift in Sources */,
				399974172BCFFEDE009AF937 /* RegistCollectionBuilder.swift in Sources */,
				39EEFD7F2BC22D2300A39833 /* SelectLocationResultCell.swift in Sources */,
				39D562BA2BD69ED900111E9C /* UIVCWithKeyboard.swift in Sources */,
				393900012B961BBA007E58F6 /* RegistLocationInteractor.swift in Sources */,
				456B09CE2BB953B200920C54 /* UITextField+.swift in Sources */,
				39EBCDF62B8A26B200599D58 /* AddRouter.swift in Sources */,
				399974162BCFFEDE009AF937 /* RegistCollectionViewController.swift in Sources */,
				3939FFFF2B961BBA007E58F6 /* RegistLocationViewController.swift in Sources */,
			);
			runOnlyForDeploymentPostprocessing = 0;
		};
/* End PBXSourcesBuildPhase section */

/* Begin PBXVariantGroup section */
		39333CDA2B864787005F295A /* LaunchScreen.storyboard */ = {
			isa = PBXVariantGroup;
			children = (
				39333CDB2B864787005F295A /* Base */,
			);
			name = LaunchScreen.storyboard;
			sourceTree = "<group>";
		};
/* End PBXVariantGroup section */

/* Begin XCBuildConfiguration section */
		39333CDE2B864787005F295A /* Debug */ = {
			isa = XCBuildConfiguration;
			buildSettings = {
				ALWAYS_SEARCH_USER_PATHS = NO;
				ASSETCATALOG_COMPILER_GENERATE_SWIFT_ASSET_SYMBOL_EXTENSIONS = YES;
				CLANG_ANALYZER_NONNULL = YES;
				CLANG_ANALYZER_NUMBER_OBJECT_CONVERSION = YES_AGGRESSIVE;
				CLANG_CXX_LANGUAGE_STANDARD = "gnu++20";
				CLANG_ENABLE_MODULES = YES;
				CLANG_ENABLE_OBJC_ARC = YES;
				CLANG_ENABLE_OBJC_WEAK = YES;
				CLANG_WARN_BLOCK_CAPTURE_AUTORELEASING = YES;
				CLANG_WARN_BOOL_CONVERSION = YES;
				CLANG_WARN_COMMA = YES;
				CLANG_WARN_CONSTANT_CONVERSION = YES;
				CLANG_WARN_DEPRECATED_OBJC_IMPLEMENTATIONS = YES;
				CLANG_WARN_DIRECT_OBJC_ISA_USAGE = YES_ERROR;
				CLANG_WARN_DOCUMENTATION_COMMENTS = YES;
				CLANG_WARN_EMPTY_BODY = YES;
				CLANG_WARN_ENUM_CONVERSION = YES;
				CLANG_WARN_INFINITE_RECURSION = YES;
				CLANG_WARN_INT_CONVERSION = YES;
				CLANG_WARN_NON_LITERAL_NULL_CONVERSION = YES;
				CLANG_WARN_OBJC_IMPLICIT_RETAIN_SELF = YES;
				CLANG_WARN_OBJC_LITERAL_CONVERSION = YES;
				CLANG_WARN_OBJC_ROOT_CLASS = YES_ERROR;
				CLANG_WARN_QUOTED_INCLUDE_IN_FRAMEWORK_HEADER = YES;
				CLANG_WARN_RANGE_LOOP_ANALYSIS = YES;
				CLANG_WARN_STRICT_PROTOTYPES = YES;
				CLANG_WARN_SUSPICIOUS_MOVE = YES;
				CLANG_WARN_UNGUARDED_AVAILABILITY = YES_AGGRESSIVE;
				CLANG_WARN_UNREACHABLE_CODE = YES;
				CLANG_WARN__DUPLICATE_METHOD_MATCH = YES;
				COPY_PHASE_STRIP = NO;
				DEBUG_INFORMATION_FORMAT = dwarf;
				ENABLE_STRICT_OBJC_MSGSEND = YES;
				ENABLE_TESTABILITY = YES;
				ENABLE_USER_SCRIPT_SANDBOXING = NO;
				GCC_C_LANGUAGE_STANDARD = gnu17;
				GCC_DYNAMIC_NO_PIC = NO;
				GCC_NO_COMMON_BLOCKS = YES;
				GCC_OPTIMIZATION_LEVEL = 0;
				GCC_PREPROCESSOR_DEFINITIONS = (
					"DEBUG=1",
					"$(inherited)",
				);
				GCC_WARN_64_TO_32_BIT_CONVERSION = YES;
				GCC_WARN_ABOUT_RETURN_TYPE = YES_ERROR;
				GCC_WARN_UNDECLARED_SELECTOR = YES;
				GCC_WARN_UNINITIALIZED_AUTOS = YES_AGGRESSIVE;
				GCC_WARN_UNUSED_FUNCTION = YES;
				GCC_WARN_UNUSED_VARIABLE = YES;
				IPHONEOS_DEPLOYMENT_TARGET = 17.2;
				LOCALIZATION_PREFERS_STRING_CATALOGS = YES;
				MTL_ENABLE_DEBUG_INFO = INCLUDE_SOURCE;
				MTL_FAST_MATH = YES;
				ONLY_ACTIVE_ARCH = YES;
				SDKROOT = iphoneos;
				SWIFT_ACTIVE_COMPILATION_CONDITIONS = "DEBUG $(inherited)";
				SWIFT_OPTIMIZATION_LEVEL = "-Onone";
			};
			name = Debug;
		};
		39333CDF2B864787005F295A /* Release */ = {
			isa = XCBuildConfiguration;
			buildSettings = {
				ALWAYS_SEARCH_USER_PATHS = NO;
				ASSETCATALOG_COMPILER_GENERATE_SWIFT_ASSET_SYMBOL_EXTENSIONS = YES;
				CLANG_ANALYZER_NONNULL = YES;
				CLANG_ANALYZER_NUMBER_OBJECT_CONVERSION = YES_AGGRESSIVE;
				CLANG_CXX_LANGUAGE_STANDARD = "gnu++20";
				CLANG_ENABLE_MODULES = YES;
				CLANG_ENABLE_OBJC_ARC = YES;
				CLANG_ENABLE_OBJC_WEAK = YES;
				CLANG_WARN_BLOCK_CAPTURE_AUTORELEASING = YES;
				CLANG_WARN_BOOL_CONVERSION = YES;
				CLANG_WARN_COMMA = YES;
				CLANG_WARN_CONSTANT_CONVERSION = YES;
				CLANG_WARN_DEPRECATED_OBJC_IMPLEMENTATIONS = YES;
				CLANG_WARN_DIRECT_OBJC_ISA_USAGE = YES_ERROR;
				CLANG_WARN_DOCUMENTATION_COMMENTS = YES;
				CLANG_WARN_EMPTY_BODY = YES;
				CLANG_WARN_ENUM_CONVERSION = YES;
				CLANG_WARN_INFINITE_RECURSION = YES;
				CLANG_WARN_INT_CONVERSION = YES;
				CLANG_WARN_NON_LITERAL_NULL_CONVERSION = YES;
				CLANG_WARN_OBJC_IMPLICIT_RETAIN_SELF = YES;
				CLANG_WARN_OBJC_LITERAL_CONVERSION = YES;
				CLANG_WARN_OBJC_ROOT_CLASS = YES_ERROR;
				CLANG_WARN_QUOTED_INCLUDE_IN_FRAMEWORK_HEADER = YES;
				CLANG_WARN_RANGE_LOOP_ANALYSIS = YES;
				CLANG_WARN_STRICT_PROTOTYPES = YES;
				CLANG_WARN_SUSPICIOUS_MOVE = YES;
				CLANG_WARN_UNGUARDED_AVAILABILITY = YES_AGGRESSIVE;
				CLANG_WARN_UNREACHABLE_CODE = YES;
				CLANG_WARN__DUPLICATE_METHOD_MATCH = YES;
				COPY_PHASE_STRIP = NO;
				DEBUG_INFORMATION_FORMAT = "dwarf-with-dsym";
				ENABLE_NS_ASSERTIONS = NO;
				ENABLE_STRICT_OBJC_MSGSEND = YES;
				ENABLE_USER_SCRIPT_SANDBOXING = NO;
				GCC_C_LANGUAGE_STANDARD = gnu17;
				GCC_NO_COMMON_BLOCKS = YES;
				GCC_WARN_64_TO_32_BIT_CONVERSION = YES;
				GCC_WARN_ABOUT_RETURN_TYPE = YES_ERROR;
				GCC_WARN_UNDECLARED_SELECTOR = YES;
				GCC_WARN_UNINITIALIZED_AUTOS = YES_AGGRESSIVE;
				GCC_WARN_UNUSED_FUNCTION = YES;
				GCC_WARN_UNUSED_VARIABLE = YES;
				IPHONEOS_DEPLOYMENT_TARGET = 17.2;
				LOCALIZATION_PREFERS_STRING_CATALOGS = YES;
				MTL_ENABLE_DEBUG_INFO = NO;
				MTL_FAST_MATH = YES;
				SDKROOT = iphoneos;
				SWIFT_COMPILATION_MODE = wholemodule;
				VALIDATE_PRODUCT = YES;
			};
			name = Release;
		};
		39333CE12B864787005F295A /* Debug */ = {
			isa = XCBuildConfiguration;
			buildSettings = {
				ASSETCATALOG_COMPILER_APPICON_NAME = AppIcon;
				ASSETCATALOG_COMPILER_GLOBAL_ACCENT_COLOR_NAME = AccentColor;
				CODE_SIGN_STYLE = Automatic;
				CURRENT_PROJECT_VERSION = 1;
				DEVELOPMENT_TEAM = WR274B83CM;
				GENERATE_INFOPLIST_FILE = YES;
				INFOPLIST_FILE = "What?fle/Info.plist";
				INFOPLIST_KEY_UIApplicationSupportsIndirectInputEvents = YES;
				INFOPLIST_KEY_UILaunchStoryboardName = LaunchScreen;
				INFOPLIST_KEY_UISupportedInterfaceOrientations_iPad = "UIInterfaceOrientationPortrait UIInterfaceOrientationPortraitUpsideDown UIInterfaceOrientationLandscapeLeft UIInterfaceOrientationLandscapeRight";
				INFOPLIST_KEY_UISupportedInterfaceOrientations_iPhone = "UIInterfaceOrientationPortrait UIInterfaceOrientationLandscapeLeft UIInterfaceOrientationLandscapeRight";
				INFOPLIST_KEY_UIUserInterfaceStyle = Light;
				LD_RUNPATH_SEARCH_PATHS = (
					"$(inherited)",
					"@executable_path/Frameworks",
				);
				MARKETING_VERSION = 1.0;
				PRODUCT_BUNDLE_IDENTIFIER = "com.Pane.What-fle";
				PRODUCT_NAME = "$(TARGET_NAME)";
				SWIFT_EMIT_LOC_STRINGS = YES;
				SWIFT_VERSION = 5.0;
				TARGETED_DEVICE_FAMILY = "1,2";
			};
			name = Debug;
		};
		39333CE22B864787005F295A /* Release */ = {
			isa = XCBuildConfiguration;
			buildSettings = {
				ASSETCATALOG_COMPILER_APPICON_NAME = AppIcon;
				ASSETCATALOG_COMPILER_GLOBAL_ACCENT_COLOR_NAME = AccentColor;
				CODE_SIGN_STYLE = Automatic;
				CURRENT_PROJECT_VERSION = 1;
				DEVELOPMENT_TEAM = WR274B83CM;
				GENERATE_INFOPLIST_FILE = YES;
				INFOPLIST_FILE = "What?fle/Info.plist";
				INFOPLIST_KEY_UIApplicationSupportsIndirectInputEvents = YES;
				INFOPLIST_KEY_UILaunchStoryboardName = LaunchScreen;
				INFOPLIST_KEY_UISupportedInterfaceOrientations_iPad = "UIInterfaceOrientationPortrait UIInterfaceOrientationPortraitUpsideDown UIInterfaceOrientationLandscapeLeft UIInterfaceOrientationLandscapeRight";
				INFOPLIST_KEY_UISupportedInterfaceOrientations_iPhone = "UIInterfaceOrientationPortrait UIInterfaceOrientationLandscapeLeft UIInterfaceOrientationLandscapeRight";
				INFOPLIST_KEY_UIUserInterfaceStyle = Light;
				LD_RUNPATH_SEARCH_PATHS = (
					"$(inherited)",
					"@executable_path/Frameworks",
				);
				MARKETING_VERSION = 1.0;
				PRODUCT_BUNDLE_IDENTIFIER = "com.Pane.What-fle";
				PRODUCT_NAME = "$(TARGET_NAME)";
				SWIFT_EMIT_LOC_STRINGS = YES;
				SWIFT_VERSION = 5.0;
				TARGETED_DEVICE_FAMILY = "1,2";
			};
			name = Release;
		};
/* End XCBuildConfiguration section */

/* Begin XCConfigurationList section */
		39333CC72B864786005F295A /* Build configuration list for PBXProject "What?fle" */ = {
			isa = XCConfigurationList;
			buildConfigurations = (
				39333CDE2B864787005F295A /* Debug */,
				39333CDF2B864787005F295A /* Release */,
			);
			defaultConfigurationIsVisible = 0;
			defaultConfigurationName = Release;
		};
		39333CE02B864787005F295A /* Build configuration list for PBXNativeTarget "What?fle" */ = {
			isa = XCConfigurationList;
			buildConfigurations = (
				39333CE12B864787005F295A /* Debug */,
				39333CE22B864787005F295A /* Release */,
			);
			defaultConfigurationIsVisible = 0;
			defaultConfigurationName = Release;
		};
/* End XCConfigurationList section */

/* Begin XCRemoteSwiftPackageReference section */
		39333CE32B86494C005F295A /* XCRemoteSwiftPackageReference "RxSwift" */ = {
			isa = XCRemoteSwiftPackageReference;
			repositoryURL = "https://github.com/ReactiveX/RxSwift.git";
			requirement = {
				kind = upToNextMajorVersion;
				minimumVersion = 6.6.0;
			};
		};
		39333CE62B86496C005F295A /* XCRemoteSwiftPackageReference "Moya" */ = {
			isa = XCRemoteSwiftPackageReference;
			repositoryURL = "https://github.com/Moya/Moya.git";
			requirement = {
				kind = upToNextMajorVersion;
				minimumVersion = 15.0.3;
			};
		};
		39333CE92B864979005F295A /* XCRemoteSwiftPackageReference "SnapKit" */ = {
			isa = XCRemoteSwiftPackageReference;
			repositoryURL = "https://github.com/SnapKit/SnapKit.git";
			requirement = {
				kind = upToNextMajorVersion;
				minimumVersion = 5.7.1;
			};
		};
		39333CEC2B864998005F295A /* XCRemoteSwiftPackageReference "RIBs" */ = {
			isa = XCRemoteSwiftPackageReference;
			repositoryURL = "https://github.com/uber/RIBs.git";
			requirement = {
				kind = upToNextMajorVersion;
				minimumVersion = 0.9.2;
			};
		};
		6C7859112C35047A00C352CF /* XCRemoteSwiftPackageReference "kakao-ios-sdk-rx" */ = {
			isa = XCRemoteSwiftPackageReference;
			repositoryURL = "https://github.com/kakao/kakao-ios-sdk-rx";
			requirement = {
				kind = upToNextMajorVersion;
				minimumVersion = 2.22.3;
			};
		};
/* End XCRemoteSwiftPackageReference section */

/* Begin XCSwiftPackageProductDependency section */
		39333CE42B86494C005F295A /* RxCocoa */ = {
			isa = XCSwiftPackageProductDependency;
			package = 39333CE32B86494C005F295A /* XCRemoteSwiftPackageReference "RxSwift" */;
			productName = RxCocoa;
		};
		39333CE72B86496C005F295A /* Moya */ = {
			isa = XCSwiftPackageProductDependency;
			package = 39333CE62B86496C005F295A /* XCRemoteSwiftPackageReference "Moya" */;
			productName = Moya;
		};
		39333CEA2B864979005F295A /* SnapKit */ = {
			isa = XCSwiftPackageProductDependency;
			package = 39333CE92B864979005F295A /* XCRemoteSwiftPackageReference "SnapKit" */;
			productName = SnapKit;
		};
		39333CED2B864998005F295A /* RIBs */ = {
			isa = XCSwiftPackageProductDependency;
			package = 39333CEC2B864998005F295A /* XCRemoteSwiftPackageReference "RIBs" */;
			productName = RIBs;
		};
		6C7859122C35047A00C352CF /* RxKakaoSDK */ = {
			isa = XCSwiftPackageProductDependency;
			package = 6C7859112C35047A00C352CF /* XCRemoteSwiftPackageReference "kakao-ios-sdk-rx" */;
			productName = RxKakaoSDK;
		};
		6C7859142C35047A00C352CF /* RxKakaoSDKAuth */ = {
			isa = XCSwiftPackageProductDependency;
			package = 6C7859112C35047A00C352CF /* XCRemoteSwiftPackageReference "kakao-ios-sdk-rx" */;
			productName = RxKakaoSDKAuth;
		};
		6C7859162C35047A00C352CF /* RxKakaoSDKCommon */ = {
			isa = XCSwiftPackageProductDependency;
			package = 6C7859112C35047A00C352CF /* XCRemoteSwiftPackageReference "kakao-ios-sdk-rx" */;
			productName = RxKakaoSDKCommon;
		};
/* End XCSwiftPackageProductDependency section */
	};
	rootObject = 39333CC42B864786005F295A /* Project object */;
}
